// !$*UTF8*$!
{
	archiveVersion = 1;
	classes = {
	};
	objectVersion = 46;
	objects = {

/* Begin PBXBuildFile section */
		03AE34DC18B1F3F1006AD856 /* libzbar.a in Frameworks */ = {isa = PBXBuildFile; fileRef = 03AE34DB18B1F3F1006AD856 /* libzbar.a */; };
		B4014E8D18A7203300D8F4BA /* SampleViewController.m in Sources */ = {isa = PBXBuildFile; fileRef = B4014E8C18A7203300D8F4BA /* SampleViewController.m */; };
		B42DF80D18AFC4CD001C0E09 /* SampleEditViewController.m in Sources */ = {isa = PBXBuildFile; fileRef = B42DF80C18AFC4CD001C0E09 /* SampleEditViewController.m */; };
		B42DF81318B1DB3B001C0E09 /* ProcedureListViewController.m in Sources */ = {isa = PBXBuildFile; fileRef = B42DF81218B1DB3B001C0E09 /* ProcedureListViewController.m */; };
		B4383ACB189C42B700DAC28F /* SourceViewController.m in Sources */ = {isa = PBXBuildFile; fileRef = B4383ACA189C42B700DAC28F /* SourceViewController.m */; };
		B4383AD0189C4A0000DAC28F /* AppDelegate.m in Sources */ = {isa = PBXBuildFile; fileRef = B4383ACF189C4A0000DAC28F /* AppDelegate.m */; };
		B4383AE2189C71B200DAC28F /* SourceEditViewController.m in Sources */ = {isa = PBXBuildFile; fileRef = B4383AE0189C71B200DAC28F /* SourceEditViewController.m */; };
		B4383AE7189DFEBB00DAC28F /* SourceEditViewController.xib in Resources */ = {isa = PBXBuildFile; fileRef = B4383AE6189DFEBB00DAC28F /* SourceEditViewController.xib */; };
		B446B92618C2403C00AB4E88 /* HomeViewController.m in Sources */ = {isa = PBXBuildFile; fileRef = B446B92418C2403C00AB4E88 /* HomeViewController.m */; };
		B446B92718C2403C00AB4E88 /* HomeViewController.xib in Resources */ = {isa = PBXBuildFile; fileRef = B446B92518C2403C00AB4E88 /* HomeViewController.xib */; };
		B446B92B18C2589900AB4E88 /* SearchSampleViewController.m in Sources */ = {isa = PBXBuildFile; fileRef = B446B92918C2589900AB4E88 /* SearchSampleViewController.m */; };
		B446B92C18C2589900AB4E88 /* SearchSampleViewController.xib in Resources */ = {isa = PBXBuildFile; fileRef = B446B92A18C2589900AB4E88 /* SearchSampleViewController.xib */; };
		B446B93118C2C85900AB4E88 /* AddSampleOneViewController.m in Sources */ = {isa = PBXBuildFile; fileRef = B446B92F18C2C85900AB4E88 /* AddSampleOneViewController.m */; };
		B446B93218C2C85900AB4E88 /* AddSampleOneViewController.xib in Resources */ = {isa = PBXBuildFile; fileRef = B446B93018C2C85900AB4E88 /* AddSampleOneViewController.xib */; };
		B446B93518C2CCA200AB4E88 /* AddSampleTwoViewController.m in Sources */ = {isa = PBXBuildFile; fileRef = B446B93418C2CCA200AB4E88 /* AddSampleTwoViewController.m */; };
		B446B93818C2D3D900AB4E88 /* AddSampleThreeViewController.m in Sources */ = {isa = PBXBuildFile; fileRef = B446B93718C2D3D900AB4E88 /* AddSampleThreeViewController.m */; };
		B446B93B18C2DA7900AB4E88 /* AddSampleFourViewController.m in Sources */ = {isa = PBXBuildFile; fileRef = B446B93A18C2DA7900AB4E88 /* AddSampleFourViewController.m */; };
		B446B94418C2E49D00AB4E88 /* AddSampleFiveViewController.m in Sources */ = {isa = PBXBuildFile; fileRef = B446B94218C2E49D00AB4E88 /* AddSampleFiveViewController.m */; };
		B446B94518C2E49D00AB4E88 /* AddSampleFiveViewController.xib in Resources */ = {isa = PBXBuildFile; fileRef = B446B94318C2E49D00AB4E88 /* AddSampleFiveViewController.xib */; };
		B446B94918C2E67C00AB4E88 /* AddSampleSixViewController.m in Sources */ = {isa = PBXBuildFile; fileRef = B446B94718C2E67C00AB4E88 /* AddSampleSixViewController.m */; };
		B446B94A18C2E67C00AB4E88 /* AddSampleSixViewController.xib in Resources */ = {isa = PBXBuildFile; fileRef = B446B94818C2E67C00AB4E88 /* AddSampleSixViewController.xib */; };
		D001B3BF18B039C000975620 /* LocalLibraryObjectStoreTests.m in Sources */ = {isa = PBXBuildFile; fileRef = D001B3BE18B039C000975620 /* LocalLibraryObjectStoreTests.m */; };
		D001B3C118B039CB00975620 /* TransactionStoreTests.m in Sources */ = {isa = PBXBuildFile; fileRef = D001B3C018B039CB00975620 /* TransactionStoreTests.m */; };
		D01DDDBF188DDC5E0059AF09 /* Sample.m in Sources */ = {isa = PBXBuildFile; fileRef = D01DDDB8188DDC5E0059AF09 /* Sample.m */; };
		D01DDDC0188DDC5E0059AF09 /* SampleConstants.m in Sources */ = {isa = PBXBuildFile; fileRef = D01DDDBA188DDC5E0059AF09 /* SampleConstants.m */; };
		D01DDDC1188DDC5E0059AF09 /* Source.m in Sources */ = {isa = PBXBuildFile; fileRef = D01DDDBC188DDC5E0059AF09 /* Source.m */; };
		D01DDDC2188DDC5E0059AF09 /* SourceConstants.m in Sources */ = {isa = PBXBuildFile; fileRef = D01DDDBE188DDC5E0059AF09 /* SourceConstants.m */; };
		D031240B18BDBD9700F3AAD9 /* SimpleDBUtilsTests.m in Sources */ = {isa = PBXBuildFile; fileRef = D031240A18BDBD9700F3AAD9 /* SimpleDBUtilsTests.m */; };
		D04AD3981851BDAB0079B2EE /* CFNetwork.framework in Frameworks */ = {isa = PBXBuildFile; fileRef = D04AD3971851BDAB0079B2EE /* CFNetwork.framework */; };
		D07526DF18B0084400622CBA /* Transaction.m in Sources */ = {isa = PBXBuildFile; fileRef = D07526DC18B0084400622CBA /* Transaction.m */; };
		D07526E018B0084400622CBA /* TransactionConstants.m in Sources */ = {isa = PBXBuildFile; fileRef = D07526DE18B0084400622CBA /* TransactionConstants.m */; };
		D07526E418B008B600622CBA /* TransactionStore.m in Sources */ = {isa = PBXBuildFile; fileRef = D07526E318B008B600622CBA /* TransactionStore.m */; };
		D07526F018B008E300622CBA /* FMDatabase.m in Sources */ = {isa = PBXBuildFile; fileRef = D07526E718B008E300622CBA /* FMDatabase.m */; };
		D07526F118B008E300622CBA /* FMDatabaseAdditions.m in Sources */ = {isa = PBXBuildFile; fileRef = D07526E918B008E300622CBA /* FMDatabaseAdditions.m */; };
		D07526F218B008E300622CBA /* FMDatabasePool.m in Sources */ = {isa = PBXBuildFile; fileRef = D07526EB18B008E300622CBA /* FMDatabasePool.m */; };
		D07526F318B008E300622CBA /* FMDatabaseQueue.m in Sources */ = {isa = PBXBuildFile; fileRef = D07526ED18B008E300622CBA /* FMDatabaseQueue.m */; };
		D07526F418B008E300622CBA /* FMResultSet.m in Sources */ = {isa = PBXBuildFile; fileRef = D07526EF18B008E300622CBA /* FMResultSet.m */; };
		D07526FC18B0099B00622CBA /* SimpleDBLibraryObjectStore.m in Sources */ = {isa = PBXBuildFile; fileRef = D07526F918B0099B00622CBA /* SimpleDBLibraryObjectStore.m */; };
		D075270018B009A500622CBA /* LocalLibraryObjectStore.m in Sources */ = {isa = PBXBuildFile; fileRef = D07526FF18B009A500622CBA /* LocalLibraryObjectStore.m */; };
		D075270518B009C600622CBA /* AbstractLibraryObjectStore.m in Sources */ = {isa = PBXBuildFile; fileRef = D075270218B009C600622CBA /* AbstractLibraryObjectStore.m */; };
		D075270618B009C600622CBA /* AbstractCloudLibraryObjectStore.m in Sources */ = {isa = PBXBuildFile; fileRef = D075270418B009C600622CBA /* AbstractCloudLibraryObjectStore.m */; };
		D075270918B021AD00622CBA /* HardcodedCredentialsProvider.m in Sources */ = {isa = PBXBuildFile; fileRef = D075270818B021AD00622CBA /* HardcodedCredentialsProvider.m */; };
		D0B1B728189C876000052443 /* LibraryObject.m in Sources */ = {isa = PBXBuildFile; fileRef = D0B1B727189C876000052443 /* LibraryObject.m */; };
		D0C85BD518BDB0C00002033E /* ConflictResolution.m in Sources */ = {isa = PBXBuildFile; fileRef = D0C85BD418BDB0C00002033E /* ConflictResolution.m */; };
		D0C85BD818BDB4810002033E /* SimpleDBUtils.m in Sources */ = {isa = PBXBuildFile; fileRef = D0C85BD718BDB4810002033E /* SimpleDBUtils.m */; };
		D71EE32E18518C5F007D4018 /* libsqlite3.dylib in Frameworks */ = {isa = PBXBuildFile; fileRef = D71EE32D18518C5F007D4018 /* libsqlite3.dylib */; };
		D729BD3B181C24A000F762A3 /* Foundation.framework in Frameworks */ = {isa = PBXBuildFile; fileRef = D729BD3A181C24A000F762A3 /* Foundation.framework */; };
		D729BD3D181C24A000F762A3 /* CoreGraphics.framework in Frameworks */ = {isa = PBXBuildFile; fileRef = D729BD3C181C24A000F762A3 /* CoreGraphics.framework */; };
		D729BD3F181C24A000F762A3 /* UIKit.framework in Frameworks */ = {isa = PBXBuildFile; fileRef = D729BD3E181C24A000F762A3 /* UIKit.framework */; };
		D729BD45181C24A000F762A3 /* InfoPlist.strings in Resources */ = {isa = PBXBuildFile; fileRef = D729BD43181C24A000F762A3 /* InfoPlist.strings */; };
		D729BD47181C24A000F762A3 /* main.m in Sources */ = {isa = PBXBuildFile; fileRef = D729BD46181C24A000F762A3 /* main.m */; };
		D729BD4D181C24A000F762A3 /* Images.xcassets in Resources */ = {isa = PBXBuildFile; fileRef = D729BD4C181C24A000F762A3 /* Images.xcassets */; };
		D729BD54181C24A000F762A3 /* XCTest.framework in Frameworks */ = {isa = PBXBuildFile; fileRef = D729BD53181C24A000F762A3 /* XCTest.framework */; };
		D729BD55181C24A000F762A3 /* Foundation.framework in Frameworks */ = {isa = PBXBuildFile; fileRef = D729BD3A181C24A000F762A3 /* Foundation.framework */; };
		D729BD56181C24A000F762A3 /* UIKit.framework in Frameworks */ = {isa = PBXBuildFile; fileRef = D729BD3E181C24A000F762A3 /* UIKit.framework */; };
		D729BD5E181C24A000F762A3 /* InfoPlist.strings in Resources */ = {isa = PBXBuildFile; fileRef = D729BD5C181C24A000F762A3 /* InfoPlist.strings */; };
		D729BD60181C24A000F762A3 /* ProjectCrystalBlue_iOSTests.m in Sources */ = {isa = PBXBuildFile; fileRef = D729BD5F181C24A000F762A3 /* ProjectCrystalBlue_iOSTests.m */; };
		D72FE4AD18B59F0D00C6452F /* ProcedureNameConstants.m in Sources */ = {isa = PBXBuildFile; fileRef = D72FE4A418B59F0D00C6452F /* ProcedureNameConstants.m */; };
		D72FE4AE18B59F0D00C6452F /* PrimitiveProcedures.m in Sources */ = {isa = PBXBuildFile; fileRef = D72FE4A618B59F0D00C6452F /* PrimitiveProcedures.m */; };
		D72FE4AF18B59F0D00C6452F /* ProcedureRecordParser.m in Sources */ = {isa = PBXBuildFile; fileRef = D72FE4A818B59F0D00C6452F /* ProcedureRecordParser.m */; };
		D72FE4B018B59F0D00C6452F /* Procedures.m in Sources */ = {isa = PBXBuildFile; fileRef = D72FE4AA18B59F0D00C6452F /* Procedures.m */; };
		D72FE4B118B59F0D00C6452F /* ProcedureRecord.m in Sources */ = {isa = PBXBuildFile; fileRef = D72FE4AC18B59F0D00C6452F /* ProcedureRecord.m */; };
		D72FE4B718B59F8200C6452F /* PrimitiveProcedureTests.m in Sources */ = {isa = PBXBuildFile; fileRef = D72FE4B218B59F8200C6452F /* PrimitiveProcedureTests.m */; };
		D72FE4B818B59F8200C6452F /* ProcedureNameConstantsTests.m in Sources */ = {isa = PBXBuildFile; fileRef = D72FE4B318B59F8200C6452F /* ProcedureNameConstantsTests.m */; };
		D72FE4B918B59F8200C6452F /* ProcedureRecordParserTests.m in Sources */ = {isa = PBXBuildFile; fileRef = D72FE4B418B59F8200C6452F /* ProcedureRecordParserTests.m */; };
		D72FE4BA18B59F8200C6452F /* ProceduresTests.m in Sources */ = {isa = PBXBuildFile; fileRef = D72FE4B518B59F8200C6452F /* ProceduresTests.m */; };
		D72FE4BB18B59F8200C6452F /* ProcedureRecordTests.m in Sources */ = {isa = PBXBuildFile; fileRef = D72FE4B618B59F8200C6452F /* ProcedureRecordTests.m */; };
		D7D76B07189EED000056CDE4 /* DDASLLogger.m in Sources */ = {isa = PBXBuildFile; fileRef = D7D76B02189EED000056CDE4 /* DDASLLogger.m */; };
		D7D76B08189EED000056CDE4 /* DDFileLogger.m in Sources */ = {isa = PBXBuildFile; fileRef = D7D76B04189EED000056CDE4 /* DDFileLogger.m */; };
		D7D76B09189EED000056CDE4 /* DDLog.m in Sources */ = {isa = PBXBuildFile; fileRef = D7D76B06189EED000056CDE4 /* DDLog.m */; };
		D7D76B0C189EED060056CDE4 /* DDTTYLogger.m in Sources */ = {isa = PBXBuildFile; fileRef = D7D76B0B189EED060056CDE4 /* DDTTYLogger.m */; };
		D7E0AFD718B00D410005DFDA /* AWSRuntime.framework in Frameworks */ = {isa = PBXBuildFile; fileRef = D7E0AFD618B00D410005DFDA /* AWSRuntime.framework */; };
		D7E0AFD818B00D5E0005DFDA /* AWSRuntime.framework in Frameworks */ = {isa = PBXBuildFile; fileRef = D7E0AFD618B00D410005DFDA /* AWSRuntime.framework */; };
		D7EFB3D618AEC695004EAB88 /* AbstractMobileImageStore.m in Sources */ = {isa = PBXBuildFile; fileRef = D7EFB3D518AEC695004EAB88 /* AbstractMobileImageStore.m */; };
		D7EFB3D918AEC7DD004EAB88 /* AbstractMobileCloudImageStore.m in Sources */ = {isa = PBXBuildFile; fileRef = D7EFB3D818AEC7DD004EAB88 /* AbstractMobileCloudImageStore.m */; };
		D7EFB3DE18AEC88E004EAB88 /* AbstractImageStoreTests.m in Sources */ = {isa = PBXBuildFile; fileRef = D7EFB3DD18AEC88E004EAB88 /* AbstractImageStoreTests.m */; };
		D7EFB3E118AEC9A3004EAB88 /* LocalImageStore.m in Sources */ = {isa = PBXBuildFile; fileRef = D7EFB3E018AEC9A3004EAB88 /* LocalImageStore.m */; };
		D7EFB3E418AECB45004EAB88 /* no_image.png in Resources */ = {isa = PBXBuildFile; fileRef = D7EFB3E318AECB45004EAB88 /* no_image.png */; };
		D7EFB3E818AECBB2004EAB88 /* ImageUtils.m in Sources */ = {isa = PBXBuildFile; fileRef = D7EFB3E718AECBB2004EAB88 /* ImageUtils.m */; };
		D7EFB3EB18AECD09004EAB88 /* LocalImageStoreTests.m in Sources */ = {isa = PBXBuildFile; fileRef = D7EFB3EA18AECD09004EAB88 /* LocalImageStoreTests.m */; };
		D7EFB3ED18AECD0F004EAB88 /* big_test_image_4096-4096.jpg in Resources */ = {isa = PBXBuildFile; fileRef = D7EFB3EC18AECD0F004EAB88 /* big_test_image_4096-4096.jpg */; };
		D7EFB3F118AECF5C004EAB88 /* AWSS3.framework in Frameworks */ = {isa = PBXBuildFile; fileRef = D7EFB3F018AECF5C004EAB88 /* AWSS3.framework */; };
		D7EFB3F318AECF64004EAB88 /* AWSSimpleDB.framework in Frameworks */ = {isa = PBXBuildFile; fileRef = D7EFB3F218AECF64004EAB88 /* AWSSimpleDB.framework */; };
		D7EFB3F418AECF8D004EAB88 /* AWSS3.framework in Frameworks */ = {isa = PBXBuildFile; fileRef = D7EFB3F018AECF5C004EAB88 /* AWSS3.framework */; };
		D7EFB3F518AECF94004EAB88 /* AWSSimpleDB.framework in Frameworks */ = {isa = PBXBuildFile; fileRef = D7EFB3F218AECF64004EAB88 /* AWSSimpleDB.framework */; };
/* End PBXBuildFile section */

/* Begin PBXContainerItemProxy section */
		D729BD57181C24A000F762A3 /* PBXContainerItemProxy */ = {
			isa = PBXContainerItemProxy;
			containerPortal = D729BD2F181C24A000F762A3 /* Project object */;
			proxyType = 1;
			remoteGlobalIDString = D729BD36181C24A000F762A3;
			remoteInfo = "ProjectCrystalBlue-iOS";
		};
/* End PBXContainerItemProxy section */

/* Begin PBXFileReference section */
		03AE34DB18B1F3F1006AD856 /* libzbar.a */ = {isa = PBXFileReference; lastKnownFileType = archive.ar; name = libzbar.a; path = include/libzbar.a; sourceTree = "<group>"; };
		B4014E8B18A7203300D8F4BA /* SampleViewController.h */ = {isa = PBXFileReference; fileEncoding = 4; lastKnownFileType = sourcecode.c.h; path = SampleViewController.h; sourceTree = "<group>"; };
		B4014E8C18A7203300D8F4BA /* SampleViewController.m */ = {isa = PBXFileReference; fileEncoding = 4; lastKnownFileType = sourcecode.c.objc; path = SampleViewController.m; sourceTree = "<group>"; };
		B42DF80B18AFC4CD001C0E09 /* SampleEditViewController.h */ = {isa = PBXFileReference; fileEncoding = 4; lastKnownFileType = sourcecode.c.h; path = SampleEditViewController.h; sourceTree = "<group>"; };
		B42DF80C18AFC4CD001C0E09 /* SampleEditViewController.m */ = {isa = PBXFileReference; fileEncoding = 4; lastKnownFileType = sourcecode.c.objc; path = SampleEditViewController.m; sourceTree = "<group>"; };
		B42DF81118B1DB3B001C0E09 /* ProcedureListViewController.h */ = {isa = PBXFileReference; fileEncoding = 4; lastKnownFileType = sourcecode.c.h; path = ProcedureListViewController.h; sourceTree = "<group>"; };
		B42DF81218B1DB3B001C0E09 /* ProcedureListViewController.m */ = {isa = PBXFileReference; fileEncoding = 4; lastKnownFileType = sourcecode.c.objc; path = ProcedureListViewController.m; sourceTree = "<group>"; };
		B4383AC9189C42B700DAC28F /* SourceViewController.h */ = {isa = PBXFileReference; fileEncoding = 4; lastKnownFileType = sourcecode.c.h; path = SourceViewController.h; sourceTree = "<group>"; };
		B4383ACA189C42B700DAC28F /* SourceViewController.m */ = {isa = PBXFileReference; fileEncoding = 4; lastKnownFileType = sourcecode.c.objc; path = SourceViewController.m; sourceTree = "<group>"; };
		B4383ACE189C4A0000DAC28F /* AppDelegate.h */ = {isa = PBXFileReference; fileEncoding = 4; lastKnownFileType = sourcecode.c.h; path = AppDelegate.h; sourceTree = "<group>"; };
		B4383ACF189C4A0000DAC28F /* AppDelegate.m */ = {isa = PBXFileReference; fileEncoding = 4; lastKnownFileType = sourcecode.c.objc; path = AppDelegate.m; sourceTree = "<group>"; };
		B4383ADF189C71B200DAC28F /* SourceEditViewController.h */ = {isa = PBXFileReference; fileEncoding = 4; lastKnownFileType = sourcecode.c.h; path = SourceEditViewController.h; sourceTree = "<group>"; };
		B4383AE0189C71B200DAC28F /* SourceEditViewController.m */ = {isa = PBXFileReference; fileEncoding = 4; lastKnownFileType = sourcecode.c.objc; path = SourceEditViewController.m; sourceTree = "<group>"; };
		B4383AE6189DFEBB00DAC28F /* SourceEditViewController.xib */ = {isa = PBXFileReference; fileEncoding = 4; lastKnownFileType = file.xib; path = SourceEditViewController.xib; sourceTree = "<group>"; };
		B446B92318C2403C00AB4E88 /* HomeViewController.h */ = {isa = PBXFileReference; fileEncoding = 4; lastKnownFileType = sourcecode.c.h; path = HomeViewController.h; sourceTree = "<group>"; };
		B446B92418C2403C00AB4E88 /* HomeViewController.m */ = {isa = PBXFileReference; fileEncoding = 4; lastKnownFileType = sourcecode.c.objc; path = HomeViewController.m; sourceTree = "<group>"; };
		B446B92518C2403C00AB4E88 /* HomeViewController.xib */ = {isa = PBXFileReference; fileEncoding = 4; lastKnownFileType = file.xib; path = HomeViewController.xib; sourceTree = "<group>"; };
		B446B92818C2589900AB4E88 /* SearchSampleViewController.h */ = {isa = PBXFileReference; fileEncoding = 4; lastKnownFileType = sourcecode.c.h; path = SearchSampleViewController.h; sourceTree = "<group>"; };
		B446B92918C2589900AB4E88 /* SearchSampleViewController.m */ = {isa = PBXFileReference; fileEncoding = 4; lastKnownFileType = sourcecode.c.objc; path = SearchSampleViewController.m; sourceTree = "<group>"; };
		B446B92A18C2589900AB4E88 /* SearchSampleViewController.xib */ = {isa = PBXFileReference; fileEncoding = 4; lastKnownFileType = file.xib; path = SearchSampleViewController.xib; sourceTree = "<group>"; };
		B446B92E18C2C85900AB4E88 /* AddSampleOneViewController.h */ = {isa = PBXFileReference; fileEncoding = 4; lastKnownFileType = sourcecode.c.h; path = AddSampleOneViewController.h; sourceTree = "<group>"; };
		B446B92F18C2C85900AB4E88 /* AddSampleOneViewController.m */ = {isa = PBXFileReference; fileEncoding = 4; lastKnownFileType = sourcecode.c.objc; path = AddSampleOneViewController.m; sourceTree = "<group>"; };
		B446B93018C2C85900AB4E88 /* AddSampleOneViewController.xib */ = {isa = PBXFileReference; fileEncoding = 4; lastKnownFileType = file.xib; path = AddSampleOneViewController.xib; sourceTree = "<group>"; };
		B446B93318C2CCA200AB4E88 /* AddSampleTwoViewController.h */ = {isa = PBXFileReference; fileEncoding = 4; lastKnownFileType = sourcecode.c.h; path = AddSampleTwoViewController.h; sourceTree = "<group>"; };
		B446B93418C2CCA200AB4E88 /* AddSampleTwoViewController.m */ = {isa = PBXFileReference; fileEncoding = 4; lastKnownFileType = sourcecode.c.objc; path = AddSampleTwoViewController.m; sourceTree = "<group>"; };
		B446B93618C2D3D900AB4E88 /* AddSampleThreeViewController.h */ = {isa = PBXFileReference; fileEncoding = 4; lastKnownFileType = sourcecode.c.h; path = AddSampleThreeViewController.h; sourceTree = "<group>"; };
		B446B93718C2D3D900AB4E88 /* AddSampleThreeViewController.m */ = {isa = PBXFileReference; fileEncoding = 4; lastKnownFileType = sourcecode.c.objc; path = AddSampleThreeViewController.m; sourceTree = "<group>"; };
		B446B93918C2DA7900AB4E88 /* AddSampleFourViewController.h */ = {isa = PBXFileReference; fileEncoding = 4; lastKnownFileType = sourcecode.c.h; path = AddSampleFourViewController.h; sourceTree = "<group>"; };
		B446B93A18C2DA7900AB4E88 /* AddSampleFourViewController.m */ = {isa = PBXFileReference; fileEncoding = 4; lastKnownFileType = sourcecode.c.objc; path = AddSampleFourViewController.m; sourceTree = "<group>"; };
		B446B94118C2E49D00AB4E88 /* AddSampleFiveViewController.h */ = {isa = PBXFileReference; fileEncoding = 4; lastKnownFileType = sourcecode.c.h; path = AddSampleFiveViewController.h; sourceTree = "<group>"; };
		B446B94218C2E49D00AB4E88 /* AddSampleFiveViewController.m */ = {isa = PBXFileReference; fileEncoding = 4; lastKnownFileType = sourcecode.c.objc; path = AddSampleFiveViewController.m; sourceTree = "<group>"; };
		B446B94318C2E49D00AB4E88 /* AddSampleFiveViewController.xib */ = {isa = PBXFileReference; fileEncoding = 4; lastKnownFileType = file.xib; path = AddSampleFiveViewController.xib; sourceTree = "<group>"; };
		B446B94618C2E67C00AB4E88 /* AddSampleSixViewController.h */ = {isa = PBXFileReference; fileEncoding = 4; lastKnownFileType = sourcecode.c.h; path = AddSampleSixViewController.h; sourceTree = "<group>"; };
		B446B94718C2E67C00AB4E88 /* AddSampleSixViewController.m */ = {isa = PBXFileReference; fileEncoding = 4; lastKnownFileType = sourcecode.c.objc; path = AddSampleSixViewController.m; sourceTree = "<group>"; };
		B446B94818C2E67C00AB4E88 /* AddSampleSixViewController.xib */ = {isa = PBXFileReference; fileEncoding = 4; lastKnownFileType = file.xib; path = AddSampleSixViewController.xib; sourceTree = "<group>"; };
		D001B3BE18B039C000975620 /* LocalLibraryObjectStoreTests.m */ = {isa = PBXFileReference; fileEncoding = 4; lastKnownFileType = sourcecode.c.objc; path = LocalLibraryObjectStoreTests.m; sourceTree = "<group>"; };
		D001B3C018B039CB00975620 /* TransactionStoreTests.m */ = {isa = PBXFileReference; fileEncoding = 4; lastKnownFileType = sourcecode.c.objc; path = TransactionStoreTests.m; sourceTree = "<group>"; };
		D01DDDB7188DDC5E0059AF09 /* Sample.h */ = {isa = PBXFileReference; fileEncoding = 4; lastKnownFileType = sourcecode.c.h; path = Sample.h; sourceTree = "<group>"; };
		D01DDDB8188DDC5E0059AF09 /* Sample.m */ = {isa = PBXFileReference; fileEncoding = 4; lastKnownFileType = sourcecode.c.objc; path = Sample.m; sourceTree = "<group>"; };
		D01DDDB9188DDC5E0059AF09 /* SampleConstants.h */ = {isa = PBXFileReference; fileEncoding = 4; lastKnownFileType = sourcecode.c.h; path = SampleConstants.h; sourceTree = "<group>"; };
		D01DDDBA188DDC5E0059AF09 /* SampleConstants.m */ = {isa = PBXFileReference; fileEncoding = 4; lastKnownFileType = sourcecode.c.objc; path = SampleConstants.m; sourceTree = "<group>"; };
		D01DDDBB188DDC5E0059AF09 /* Source.h */ = {isa = PBXFileReference; fileEncoding = 4; lastKnownFileType = sourcecode.c.h; path = Source.h; sourceTree = "<group>"; };
		D01DDDBC188DDC5E0059AF09 /* Source.m */ = {isa = PBXFileReference; fileEncoding = 4; lastKnownFileType = sourcecode.c.objc; path = Source.m; sourceTree = "<group>"; };
		D01DDDBD188DDC5E0059AF09 /* SourceConstants.h */ = {isa = PBXFileReference; fileEncoding = 4; lastKnownFileType = sourcecode.c.h; path = SourceConstants.h; sourceTree = "<group>"; };
		D01DDDBE188DDC5E0059AF09 /* SourceConstants.m */ = {isa = PBXFileReference; fileEncoding = 4; lastKnownFileType = sourcecode.c.objc; path = SourceConstants.m; sourceTree = "<group>"; };
		D031240A18BDBD9700F3AAD9 /* SimpleDBUtilsTests.m */ = {isa = PBXFileReference; fileEncoding = 4; lastKnownFileType = sourcecode.c.objc; path = SimpleDBUtilsTests.m; sourceTree = "<group>"; };
		D04AD3971851BDAB0079B2EE /* CFNetwork.framework */ = {isa = PBXFileReference; lastKnownFileType = wrapper.framework; name = CFNetwork.framework; path = System/Library/Frameworks/CFNetwork.framework; sourceTree = SDKROOT; };
		D07526DB18B0084400622CBA /* Transaction.h */ = {isa = PBXFileReference; fileEncoding = 4; lastKnownFileType = sourcecode.c.h; path = Transaction.h; sourceTree = "<group>"; };
		D07526DC18B0084400622CBA /* Transaction.m */ = {isa = PBXFileReference; fileEncoding = 4; lastKnownFileType = sourcecode.c.objc; path = Transaction.m; sourceTree = "<group>"; };
		D07526DD18B0084400622CBA /* TransactionConstants.h */ = {isa = PBXFileReference; fileEncoding = 4; lastKnownFileType = sourcecode.c.h; path = TransactionConstants.h; sourceTree = "<group>"; };
		D07526DE18B0084400622CBA /* TransactionConstants.m */ = {isa = PBXFileReference; fileEncoding = 4; lastKnownFileType = sourcecode.c.objc; path = TransactionConstants.m; sourceTree = "<group>"; };
		D07526E218B008B600622CBA /* TransactionStore.h */ = {isa = PBXFileReference; fileEncoding = 4; lastKnownFileType = sourcecode.c.h; path = TransactionStore.h; sourceTree = "<group>"; };
		D07526E318B008B600622CBA /* TransactionStore.m */ = {isa = PBXFileReference; fileEncoding = 4; lastKnownFileType = sourcecode.c.objc; path = TransactionStore.m; sourceTree = "<group>"; };
		D07526E618B008E300622CBA /* FMDatabase.h */ = {isa = PBXFileReference; fileEncoding = 4; lastKnownFileType = sourcecode.c.h; path = FMDatabase.h; sourceTree = "<group>"; };
		D07526E718B008E300622CBA /* FMDatabase.m */ = {isa = PBXFileReference; fileEncoding = 4; lastKnownFileType = sourcecode.c.objc; path = FMDatabase.m; sourceTree = "<group>"; };
		D07526E818B008E300622CBA /* FMDatabaseAdditions.h */ = {isa = PBXFileReference; fileEncoding = 4; lastKnownFileType = sourcecode.c.h; path = FMDatabaseAdditions.h; sourceTree = "<group>"; };
		D07526E918B008E300622CBA /* FMDatabaseAdditions.m */ = {isa = PBXFileReference; fileEncoding = 4; lastKnownFileType = sourcecode.c.objc; path = FMDatabaseAdditions.m; sourceTree = "<group>"; };
		D07526EA18B008E300622CBA /* FMDatabasePool.h */ = {isa = PBXFileReference; fileEncoding = 4; lastKnownFileType = sourcecode.c.h; path = FMDatabasePool.h; sourceTree = "<group>"; };
		D07526EB18B008E300622CBA /* FMDatabasePool.m */ = {isa = PBXFileReference; fileEncoding = 4; lastKnownFileType = sourcecode.c.objc; path = FMDatabasePool.m; sourceTree = "<group>"; };
		D07526EC18B008E300622CBA /* FMDatabaseQueue.h */ = {isa = PBXFileReference; fileEncoding = 4; lastKnownFileType = sourcecode.c.h; path = FMDatabaseQueue.h; sourceTree = "<group>"; };
		D07526ED18B008E300622CBA /* FMDatabaseQueue.m */ = {isa = PBXFileReference; fileEncoding = 4; lastKnownFileType = sourcecode.c.objc; path = FMDatabaseQueue.m; sourceTree = "<group>"; };
		D07526EE18B008E300622CBA /* FMResultSet.h */ = {isa = PBXFileReference; fileEncoding = 4; lastKnownFileType = sourcecode.c.h; path = FMResultSet.h; sourceTree = "<group>"; };
		D07526EF18B008E300622CBA /* FMResultSet.m */ = {isa = PBXFileReference; fileEncoding = 4; lastKnownFileType = sourcecode.c.objc; path = FMResultSet.m; sourceTree = "<group>"; };
		D07526F818B0099B00622CBA /* SimpleDBLibraryObjectStore.h */ = {isa = PBXFileReference; fileEncoding = 4; lastKnownFileType = sourcecode.c.h; path = SimpleDBLibraryObjectStore.h; sourceTree = "<group>"; };
		D07526F918B0099B00622CBA /* SimpleDBLibraryObjectStore.m */ = {isa = PBXFileReference; fileEncoding = 4; lastKnownFileType = sourcecode.c.objc; path = SimpleDBLibraryObjectStore.m; sourceTree = "<group>"; };
		D07526FE18B009A500622CBA /* LocalLibraryObjectStore.h */ = {isa = PBXFileReference; fileEncoding = 4; lastKnownFileType = sourcecode.c.h; path = LocalLibraryObjectStore.h; sourceTree = "<group>"; };
		D07526FF18B009A500622CBA /* LocalLibraryObjectStore.m */ = {isa = PBXFileReference; fileEncoding = 4; lastKnownFileType = sourcecode.c.objc; path = LocalLibraryObjectStore.m; sourceTree = "<group>"; };
		D075270118B009C600622CBA /* AbstractLibraryObjectStore.h */ = {isa = PBXFileReference; fileEncoding = 4; lastKnownFileType = sourcecode.c.h; path = AbstractLibraryObjectStore.h; sourceTree = "<group>"; };
		D075270218B009C600622CBA /* AbstractLibraryObjectStore.m */ = {isa = PBXFileReference; fileEncoding = 4; lastKnownFileType = sourcecode.c.objc; path = AbstractLibraryObjectStore.m; sourceTree = "<group>"; };
		D075270318B009C600622CBA /* AbstractCloudLibraryObjectStore.h */ = {isa = PBXFileReference; fileEncoding = 4; lastKnownFileType = sourcecode.c.h; path = AbstractCloudLibraryObjectStore.h; sourceTree = "<group>"; };
		D075270418B009C600622CBA /* AbstractCloudLibraryObjectStore.m */ = {isa = PBXFileReference; fileEncoding = 4; lastKnownFileType = sourcecode.c.objc; path = AbstractCloudLibraryObjectStore.m; sourceTree = "<group>"; };
		D075270718B021AD00622CBA /* HardcodedCredentialsProvider.h */ = {isa = PBXFileReference; fileEncoding = 4; lastKnownFileType = sourcecode.c.h; path = HardcodedCredentialsProvider.h; sourceTree = "<group>"; };
		D075270818B021AD00622CBA /* HardcodedCredentialsProvider.m */ = {isa = PBXFileReference; fileEncoding = 4; lastKnownFileType = sourcecode.c.objc; path = HardcodedCredentialsProvider.m; sourceTree = "<group>"; };
		D0B1B726189C876000052443 /* LibraryObject.h */ = {isa = PBXFileReference; fileEncoding = 4; lastKnownFileType = sourcecode.c.h; path = LibraryObject.h; sourceTree = "<group>"; };
		D0B1B727189C876000052443 /* LibraryObject.m */ = {isa = PBXFileReference; fileEncoding = 4; lastKnownFileType = sourcecode.c.objc; path = LibraryObject.m; sourceTree = "<group>"; };
		D0C85BD318BDB0C00002033E /* ConflictResolution.h */ = {isa = PBXFileReference; fileEncoding = 4; lastKnownFileType = sourcecode.c.h; path = ConflictResolution.h; sourceTree = "<group>"; };
		D0C85BD418BDB0C00002033E /* ConflictResolution.m */ = {isa = PBXFileReference; fileEncoding = 4; lastKnownFileType = sourcecode.c.objc; path = ConflictResolution.m; sourceTree = "<group>"; };
		D0C85BD618BDB4810002033E /* SimpleDBUtils.h */ = {isa = PBXFileReference; fileEncoding = 4; lastKnownFileType = sourcecode.c.h; path = SimpleDBUtils.h; sourceTree = "<group>"; };
		D0C85BD718BDB4810002033E /* SimpleDBUtils.m */ = {isa = PBXFileReference; fileEncoding = 4; lastKnownFileType = sourcecode.c.objc; path = SimpleDBUtils.m; sourceTree = "<group>"; };
		D71EE32D18518C5F007D4018 /* libsqlite3.dylib */ = {isa = PBXFileReference; lastKnownFileType = "compiled.mach-o.dylib"; name = libsqlite3.dylib; path = usr/lib/libsqlite3.dylib; sourceTree = SDKROOT; };
		D729BD37181C24A000F762A3 /* ProjectCrystalBlue-iOS.app */ = {isa = PBXFileReference; explicitFileType = wrapper.application; includeInIndex = 0; path = "ProjectCrystalBlue-iOS.app"; sourceTree = BUILT_PRODUCTS_DIR; };
		D729BD3A181C24A000F762A3 /* Foundation.framework */ = {isa = PBXFileReference; lastKnownFileType = wrapper.framework; name = Foundation.framework; path = System/Library/Frameworks/Foundation.framework; sourceTree = SDKROOT; };
		D729BD3C181C24A000F762A3 /* CoreGraphics.framework */ = {isa = PBXFileReference; lastKnownFileType = wrapper.framework; name = CoreGraphics.framework; path = System/Library/Frameworks/CoreGraphics.framework; sourceTree = SDKROOT; };
		D729BD3E181C24A000F762A3 /* UIKit.framework */ = {isa = PBXFileReference; lastKnownFileType = wrapper.framework; name = UIKit.framework; path = System/Library/Frameworks/UIKit.framework; sourceTree = SDKROOT; };
		D729BD42181C24A000F762A3 /* ProjectCrystalBlue-iOS-Info.plist */ = {isa = PBXFileReference; lastKnownFileType = text.plist.xml; path = "ProjectCrystalBlue-iOS-Info.plist"; sourceTree = "<group>"; };
		D729BD44181C24A000F762A3 /* en */ = {isa = PBXFileReference; lastKnownFileType = text.plist.strings; name = en; path = en.lproj/InfoPlist.strings; sourceTree = "<group>"; };
		D729BD46181C24A000F762A3 /* main.m */ = {isa = PBXFileReference; lastKnownFileType = sourcecode.c.objc; path = main.m; sourceTree = "<group>"; };
		D729BD48181C24A000F762A3 /* ProjectCrystalBlue-iOS-Prefix.pch */ = {isa = PBXFileReference; lastKnownFileType = sourcecode.c.h; path = "ProjectCrystalBlue-iOS-Prefix.pch"; sourceTree = "<group>"; };
		D729BD4C181C24A000F762A3 /* Images.xcassets */ = {isa = PBXFileReference; lastKnownFileType = folder.assetcatalog; path = Images.xcassets; sourceTree = "<group>"; };
		D729BD52181C24A000F762A3 /* ProjectCrystalBlue-iOSTests.xctest */ = {isa = PBXFileReference; explicitFileType = wrapper.cfbundle; includeInIndex = 0; path = "ProjectCrystalBlue-iOSTests.xctest"; sourceTree = BUILT_PRODUCTS_DIR; };
		D729BD53181C24A000F762A3 /* XCTest.framework */ = {isa = PBXFileReference; lastKnownFileType = wrapper.framework; name = XCTest.framework; path = Library/Frameworks/XCTest.framework; sourceTree = DEVELOPER_DIR; };
		D729BD5B181C24A000F762A3 /* ProjectCrystalBlue-iOSTests-Info.plist */ = {isa = PBXFileReference; lastKnownFileType = text.plist.xml; path = "ProjectCrystalBlue-iOSTests-Info.plist"; sourceTree = "<group>"; };
		D729BD5D181C24A000F762A3 /* en */ = {isa = PBXFileReference; lastKnownFileType = text.plist.strings; name = en; path = en.lproj/InfoPlist.strings; sourceTree = "<group>"; };
		D729BD5F181C24A000F762A3 /* ProjectCrystalBlue_iOSTests.m */ = {isa = PBXFileReference; lastKnownFileType = sourcecode.c.objc; path = ProjectCrystalBlue_iOSTests.m; sourceTree = "<group>"; };
		D72FE4A318B59F0D00C6452F /* ProcedureNameConstants.h */ = {isa = PBXFileReference; fileEncoding = 4; lastKnownFileType = sourcecode.c.h; path = ProcedureNameConstants.h; sourceTree = "<group>"; };
		D72FE4A418B59F0D00C6452F /* ProcedureNameConstants.m */ = {isa = PBXFileReference; fileEncoding = 4; lastKnownFileType = sourcecode.c.objc; path = ProcedureNameConstants.m; sourceTree = "<group>"; };
		D72FE4A518B59F0D00C6452F /* PrimitiveProcedures.h */ = {isa = PBXFileReference; fileEncoding = 4; lastKnownFileType = sourcecode.c.h; path = PrimitiveProcedures.h; sourceTree = "<group>"; };
		D72FE4A618B59F0D00C6452F /* PrimitiveProcedures.m */ = {isa = PBXFileReference; fileEncoding = 4; lastKnownFileType = sourcecode.c.objc; path = PrimitiveProcedures.m; sourceTree = "<group>"; };
		D72FE4A718B59F0D00C6452F /* ProcedureRecordParser.h */ = {isa = PBXFileReference; fileEncoding = 4; lastKnownFileType = sourcecode.c.h; path = ProcedureRecordParser.h; sourceTree = "<group>"; };
		D72FE4A818B59F0D00C6452F /* ProcedureRecordParser.m */ = {isa = PBXFileReference; fileEncoding = 4; lastKnownFileType = sourcecode.c.objc; path = ProcedureRecordParser.m; sourceTree = "<group>"; };
		D72FE4A918B59F0D00C6452F /* Procedures.h */ = {isa = PBXFileReference; fileEncoding = 4; lastKnownFileType = sourcecode.c.h; path = Procedures.h; sourceTree = "<group>"; };
		D72FE4AA18B59F0D00C6452F /* Procedures.m */ = {isa = PBXFileReference; fileEncoding = 4; lastKnownFileType = sourcecode.c.objc; path = Procedures.m; sourceTree = "<group>"; };
		D72FE4AB18B59F0D00C6452F /* ProcedureRecord.h */ = {isa = PBXFileReference; fileEncoding = 4; lastKnownFileType = sourcecode.c.h; path = ProcedureRecord.h; sourceTree = "<group>"; };
		D72FE4AC18B59F0D00C6452F /* ProcedureRecord.m */ = {isa = PBXFileReference; fileEncoding = 4; lastKnownFileType = sourcecode.c.objc; path = ProcedureRecord.m; sourceTree = "<group>"; };
		D72FE4B218B59F8200C6452F /* PrimitiveProcedureTests.m */ = {isa = PBXFileReference; fileEncoding = 4; lastKnownFileType = sourcecode.c.objc; path = PrimitiveProcedureTests.m; sourceTree = "<group>"; };
		D72FE4B318B59F8200C6452F /* ProcedureNameConstantsTests.m */ = {isa = PBXFileReference; fileEncoding = 4; lastKnownFileType = sourcecode.c.objc; path = ProcedureNameConstantsTests.m; sourceTree = "<group>"; };
		D72FE4B418B59F8200C6452F /* ProcedureRecordParserTests.m */ = {isa = PBXFileReference; fileEncoding = 4; lastKnownFileType = sourcecode.c.objc; path = ProcedureRecordParserTests.m; sourceTree = "<group>"; };
		D72FE4B518B59F8200C6452F /* ProceduresTests.m */ = {isa = PBXFileReference; fileEncoding = 4; lastKnownFileType = sourcecode.c.objc; path = ProceduresTests.m; sourceTree = "<group>"; };
		D72FE4B618B59F8200C6452F /* ProcedureRecordTests.m */ = {isa = PBXFileReference; fileEncoding = 4; lastKnownFileType = sourcecode.c.objc; path = ProcedureRecordTests.m; sourceTree = "<group>"; };
		D7D76B01189EED000056CDE4 /* DDASLLogger.h */ = {isa = PBXFileReference; fileEncoding = 4; lastKnownFileType = sourcecode.c.h; path = DDASLLogger.h; sourceTree = "<group>"; };
		D7D76B02189EED000056CDE4 /* DDASLLogger.m */ = {isa = PBXFileReference; fileEncoding = 4; lastKnownFileType = sourcecode.c.objc; path = DDASLLogger.m; sourceTree = "<group>"; };
		D7D76B03189EED000056CDE4 /* DDFileLogger.h */ = {isa = PBXFileReference; fileEncoding = 4; lastKnownFileType = sourcecode.c.h; path = DDFileLogger.h; sourceTree = "<group>"; };
		D7D76B04189EED000056CDE4 /* DDFileLogger.m */ = {isa = PBXFileReference; fileEncoding = 4; lastKnownFileType = sourcecode.c.objc; path = DDFileLogger.m; sourceTree = "<group>"; };
		D7D76B05189EED000056CDE4 /* DDLog.h */ = {isa = PBXFileReference; fileEncoding = 4; lastKnownFileType = sourcecode.c.h; path = DDLog.h; sourceTree = "<group>"; };
		D7D76B06189EED000056CDE4 /* DDLog.m */ = {isa = PBXFileReference; fileEncoding = 4; lastKnownFileType = sourcecode.c.objc; path = DDLog.m; sourceTree = "<group>"; };
		D7D76B0A189EED060056CDE4 /* DDTTYLogger.h */ = {isa = PBXFileReference; fileEncoding = 4; lastKnownFileType = sourcecode.c.h; path = DDTTYLogger.h; sourceTree = "<group>"; };
		D7D76B0B189EED060056CDE4 /* DDTTYLogger.m */ = {isa = PBXFileReference; fileEncoding = 4; lastKnownFileType = sourcecode.c.objc; path = DDTTYLogger.m; sourceTree = "<group>"; };
		D7E0AFD618B00D410005DFDA /* AWSRuntime.framework */ = {isa = PBXFileReference; lastKnownFileType = wrapper.framework; name = AWSRuntime.framework; path = include/AWSRuntime.framework; sourceTree = "<group>"; };
		D7EFB3D418AEC695004EAB88 /* AbstractMobileImageStore.h */ = {isa = PBXFileReference; fileEncoding = 4; lastKnownFileType = sourcecode.c.h; path = AbstractMobileImageStore.h; sourceTree = "<group>"; };
		D7EFB3D518AEC695004EAB88 /* AbstractMobileImageStore.m */ = {isa = PBXFileReference; fileEncoding = 4; lastKnownFileType = sourcecode.c.objc; path = AbstractMobileImageStore.m; sourceTree = "<group>"; };
		D7EFB3D718AEC7DD004EAB88 /* AbstractMobileCloudImageStore.h */ = {isa = PBXFileReference; fileEncoding = 4; lastKnownFileType = sourcecode.c.h; path = AbstractMobileCloudImageStore.h; sourceTree = "<group>"; };
		D7EFB3D818AEC7DD004EAB88 /* AbstractMobileCloudImageStore.m */ = {isa = PBXFileReference; fileEncoding = 4; lastKnownFileType = sourcecode.c.objc; path = AbstractMobileCloudImageStore.m; sourceTree = "<group>"; };
		D7EFB3DD18AEC88E004EAB88 /* AbstractImageStoreTests.m */ = {isa = PBXFileReference; fileEncoding = 4; lastKnownFileType = sourcecode.c.objc; path = AbstractImageStoreTests.m; sourceTree = "<group>"; };
		D7EFB3DF18AEC9A3004EAB88 /* LocalImageStore.h */ = {isa = PBXFileReference; fileEncoding = 4; lastKnownFileType = sourcecode.c.h; path = LocalImageStore.h; sourceTree = "<group>"; };
		D7EFB3E018AEC9A3004EAB88 /* LocalImageStore.m */ = {isa = PBXFileReference; fileEncoding = 4; lastKnownFileType = sourcecode.c.objc; path = LocalImageStore.m; sourceTree = "<group>"; };
		D7EFB3E318AECB45004EAB88 /* no_image.png */ = {isa = PBXFileReference; lastKnownFileType = image.png; path = no_image.png; sourceTree = "<group>"; };
		D7EFB3E618AECBB2004EAB88 /* ImageUtils.h */ = {isa = PBXFileReference; fileEncoding = 4; lastKnownFileType = sourcecode.c.h; path = ImageUtils.h; sourceTree = "<group>"; };
		D7EFB3E718AECBB2004EAB88 /* ImageUtils.m */ = {isa = PBXFileReference; fileEncoding = 4; lastKnownFileType = sourcecode.c.objc; path = ImageUtils.m; sourceTree = "<group>"; };
		D7EFB3EA18AECD09004EAB88 /* LocalImageStoreTests.m */ = {isa = PBXFileReference; fileEncoding = 4; lastKnownFileType = sourcecode.c.objc; path = LocalImageStoreTests.m; sourceTree = "<group>"; };
		D7EFB3EC18AECD0F004EAB88 /* big_test_image_4096-4096.jpg */ = {isa = PBXFileReference; lastKnownFileType = image.jpeg; path = "big_test_image_4096-4096.jpg"; sourceTree = "<group>"; };
		D7EFB3F018AECF5C004EAB88 /* AWSS3.framework */ = {isa = PBXFileReference; lastKnownFileType = wrapper.framework; name = AWSS3.framework; path = include/AWSS3.framework; sourceTree = "<group>"; };
		D7EFB3F218AECF64004EAB88 /* AWSSimpleDB.framework */ = {isa = PBXFileReference; lastKnownFileType = wrapper.framework; name = AWSSimpleDB.framework; path = include/AWSSimpleDB.framework; sourceTree = "<group>"; };
/* End PBXFileReference section */

/* Begin PBXFrameworksBuildPhase section */
		D729BD34181C24A000F762A3 /* Frameworks */ = {
			isa = PBXFrameworksBuildPhase;
			buildActionMask = 2147483647;
			files = (
				D04AD3981851BDAB0079B2EE /* CFNetwork.framework in Frameworks */,
				D71EE32E18518C5F007D4018 /* libsqlite3.dylib in Frameworks */,
				D729BD3D181C24A000F762A3 /* CoreGraphics.framework in Frameworks */,
				D729BD3F181C24A000F762A3 /* UIKit.framework in Frameworks */,
				D729BD3B181C24A000F762A3 /* Foundation.framework in Frameworks */,
				D7EFB3F318AECF64004EAB88 /* AWSSimpleDB.framework in Frameworks */,
				D7EFB3F118AECF5C004EAB88 /* AWSS3.framework in Frameworks */,
				D7E0AFD718B00D410005DFDA /* AWSRuntime.framework in Frameworks */,
				03AE34DC18B1F3F1006AD856 /* libzbar.a in Frameworks */,
			);
			runOnlyForDeploymentPostprocessing = 0;
		};
		D729BD4F181C24A000F762A3 /* Frameworks */ = {
			isa = PBXFrameworksBuildPhase;
			buildActionMask = 2147483647;
			files = (
				D729BD54181C24A000F762A3 /* XCTest.framework in Frameworks */,
				D729BD56181C24A000F762A3 /* UIKit.framework in Frameworks */,
				D729BD55181C24A000F762A3 /* Foundation.framework in Frameworks */,
				D7EFB3F418AECF8D004EAB88 /* AWSS3.framework in Frameworks */,
				D7EFB3F518AECF94004EAB88 /* AWSSimpleDB.framework in Frameworks */,
				D7E0AFD818B00D5E0005DFDA /* AWSRuntime.framework in Frameworks */,
			);
			runOnlyForDeploymentPostprocessing = 0;
		};
/* End PBXFrameworksBuildPhase section */

/* Begin PBXGroup section */
		B4383ACD189C431E00DAC28F /* AppDelegate */ = {
			isa = PBXGroup;
			children = (
				B4383ACE189C4A0000DAC28F /* AppDelegate.h */,
				B4383ACF189C4A0000DAC28F /* AppDelegate.m */,
			);
			name = AppDelegate;
			sourceTree = "<group>";
		};
		B4383AE4189C71B800DAC28F /* XIBs */ = {
			isa = PBXGroup;
			children = (
				B446B92518C2403C00AB4E88 /* HomeViewController.xib */,
				B4383AE6189DFEBB00DAC28F /* SourceEditViewController.xib */,
				B446B92A18C2589900AB4E88 /* SearchSampleViewController.xib */,
				B446B93018C2C85900AB4E88 /* AddSampleOneViewController.xib */,
				B446B94318C2E49D00AB4E88 /* AddSampleFiveViewController.xib */,
				B446B94818C2E67C00AB4E88 /* AddSampleSixViewController.xib */,
			);
			name = XIBs;
			sourceTree = "<group>";
		};
		B446B92218C23FB800AB4E88 /* ModelViews */ = {
			isa = PBXGroup;
			children = (
				B4383AC9189C42B700DAC28F /* SourceViewController.h */,
				B4383ACA189C42B700DAC28F /* SourceViewController.m */,
				B4383ADF189C71B200DAC28F /* SourceEditViewController.h */,
				B4383AE0189C71B200DAC28F /* SourceEditViewController.m */,
				B4014E8B18A7203300D8F4BA /* SampleViewController.h */,
				B4014E8C18A7203300D8F4BA /* SampleViewController.m */,
				B42DF80B18AFC4CD001C0E09 /* SampleEditViewController.h */,
				B42DF80C18AFC4CD001C0E09 /* SampleEditViewController.m */,
				B42DF81118B1DB3B001C0E09 /* ProcedureListViewController.h */,
				B42DF81218B1DB3B001C0E09 /* ProcedureListViewController.m */,
			);
			name = ModelViews;
			sourceTree = "<group>";
		};
		B446B92D18C2C83300AB4E88 /* AddSampleWalkthrough */ = {
			isa = PBXGroup;
			children = (
				B446B92E18C2C85900AB4E88 /* AddSampleOneViewController.h */,
				B446B92F18C2C85900AB4E88 /* AddSampleOneViewController.m */,
				B446B93318C2CCA200AB4E88 /* AddSampleTwoViewController.h */,
				B446B93418C2CCA200AB4E88 /* AddSampleTwoViewController.m */,
				B446B93618C2D3D900AB4E88 /* AddSampleThreeViewController.h */,
				B446B93718C2D3D900AB4E88 /* AddSampleThreeViewController.m */,
				B446B93918C2DA7900AB4E88 /* AddSampleFourViewController.h */,
				B446B93A18C2DA7900AB4E88 /* AddSampleFourViewController.m */,
				B446B94118C2E49D00AB4E88 /* AddSampleFiveViewController.h */,
				B446B94218C2E49D00AB4E88 /* AddSampleFiveViewController.m */,
				B446B94618C2E67C00AB4E88 /* AddSampleSixViewController.h */,
				B446B94718C2E67C00AB4E88 /* AddSampleSixViewController.m */,
			);
			name = AddSampleWalkthrough;
			sourceTree = "<group>";
		};
		D001B3BB18B0398700975620 /* TransactionStore */ = {
			isa = PBXGroup;
			children = (
				D001B3C018B039CB00975620 /* TransactionStoreTests.m */,
			);
			name = TransactionStore;
			sourceTree = "<group>";
		};
		D001B3BC18B0398F00975620 /* LibraryObjectStore */ = {
			isa = PBXGroup;
			children = (
				D0C85BD918BDB52F0002033E /* SimpleDBLibraryObjectStore */,
				D001B3BD18B039A500975620 /* LocalLibraryObjectStore */,
			);
			name = LibraryObjectStore;
			sourceTree = "<group>";
		};
		D001B3BD18B039A500975620 /* LocalLibraryObjectStore */ = {
			isa = PBXGroup;
			children = (
				D001B3BE18B039C000975620 /* LocalLibraryObjectStoreTests.m */,
			);
			name = LocalLibraryObjectStore;
			sourceTree = "<group>";
		};
		D01DDDB2188DDBF10059AF09 /* Model */ = {
			isa = PBXGroup;
			children = (
				D704E1B118B1942100170B7E /* Procedure */,
				D0B1B726189C876000052443 /* LibraryObject.h */,
				D0B1B727189C876000052443 /* LibraryObject.m */,
				D01DDDBB188DDC5E0059AF09 /* Source.h */,
				D01DDDBC188DDC5E0059AF09 /* Source.m */,
				D01DDDB7188DDC5E0059AF09 /* Sample.h */,
				D01DDDB8188DDC5E0059AF09 /* Sample.m */,
				D07526DB18B0084400622CBA /* Transaction.h */,
				D07526DC18B0084400622CBA /* Transaction.m */,
				D01DDDBD188DDC5E0059AF09 /* SourceConstants.h */,
				D01DDDBE188DDC5E0059AF09 /* SourceConstants.m */,
				D01DDDB9188DDC5E0059AF09 /* SampleConstants.h */,
				D01DDDBA188DDC5E0059AF09 /* SampleConstants.m */,
				D07526DD18B0084400622CBA /* TransactionConstants.h */,
				D07526DE18B0084400622CBA /* TransactionConstants.m */,
				D0C85BD318BDB0C00002033E /* ConflictResolution.h */,
				D0C85BD418BDB0C00002033E /* ConflictResolution.m */,
			);
			name = Model;
			sourceTree = "<group>";
		};
		D01DDDB3188DDBF80059AF09 /* Controller */ = {
			isa = PBXGroup;
			children = (
			);
			name = Controller;
			sourceTree = "<group>";
		};
		D01DDDB4188DDC020059AF09 /* Store */ = {
			isa = PBXGroup;
			children = (
				D07526E118B008A500622CBA /* TransactionStore */,
				D07526F518B0092800622CBA /* LibraryObjectStore */,
				D7EFB3D218AEC66C004EAB88 /* ImageStore */,
				D075270718B021AD00622CBA /* HardcodedCredentialsProvider.h */,
				D075270818B021AD00622CBA /* HardcodedCredentialsProvider.m */,
			);
			name = Store;
			sourceTree = "<group>";
		};
		D01DDDB5188DDC080059AF09 /* ViewController */ = {
			isa = PBXGroup;
			children = (
				B446B92D18C2C83300AB4E88 /* AddSampleWalkthrough */,
				B446B92218C23FB800AB4E88 /* ModelViews */,
				B446B92318C2403C00AB4E88 /* HomeViewController.h */,
				B446B92418C2403C00AB4E88 /* HomeViewController.m */,
				B446B92818C2589900AB4E88 /* SearchSampleViewController.h */,
				B446B92918C2589900AB4E88 /* SearchSampleViewController.m */,
			);
			name = ViewController;
			sourceTree = "<group>";
		};
		D01DDDB6188DDC0F0059AF09 /* Utility */ = {
			isa = PBXGroup;
			children = (
				D07526E518B008D200622CBA /* FMDB */,
				D7EFB3E518AECB9D004EAB88 /* MobileImageUtils */,
				D7D76B00189EEB6B0056CDE4 /* Lumberjack */,
			);
			name = Utility;
			sourceTree = "<group>";
		};
		D07526E118B008A500622CBA /* TransactionStore */ = {
			isa = PBXGroup;
			children = (
				D07526E218B008B600622CBA /* TransactionStore.h */,
				D07526E318B008B600622CBA /* TransactionStore.m */,
			);
			name = TransactionStore;
			sourceTree = "<group>";
		};
		D07526E518B008D200622CBA /* FMDB */ = {
			isa = PBXGroup;
			children = (
				D07526E618B008E300622CBA /* FMDatabase.h */,
				D07526E718B008E300622CBA /* FMDatabase.m */,
				D07526E818B008E300622CBA /* FMDatabaseAdditions.h */,
				D07526E918B008E300622CBA /* FMDatabaseAdditions.m */,
				D07526EA18B008E300622CBA /* FMDatabasePool.h */,
				D07526EB18B008E300622CBA /* FMDatabasePool.m */,
				D07526EC18B008E300622CBA /* FMDatabaseQueue.h */,
				D07526ED18B008E300622CBA /* FMDatabaseQueue.m */,
				D07526EE18B008E300622CBA /* FMResultSet.h */,
				D07526EF18B008E300622CBA /* FMResultSet.m */,
			);
			name = FMDB;
			sourceTree = "<group>";
		};
		D07526F518B0092800622CBA /* LibraryObjectStore */ = {
			isa = PBXGroup;
			children = (
				D07526F618B0095400622CBA /* SimpleDBLibraryObjectStore */,
				D07526F718B0096C00622CBA /* Abstract Classes */,
				D07526FE18B009A500622CBA /* LocalLibraryObjectStore.h */,
				D07526FF18B009A500622CBA /* LocalLibraryObjectStore.m */,
			);
			name = LibraryObjectStore;
			sourceTree = "<group>";
		};
		D07526F618B0095400622CBA /* SimpleDBLibraryObjectStore */ = {
			isa = PBXGroup;
			children = (
				D07526F818B0099B00622CBA /* SimpleDBLibraryObjectStore.h */,
				D07526F918B0099B00622CBA /* SimpleDBLibraryObjectStore.m */,
				D0C85BD618BDB4810002033E /* SimpleDBUtils.h */,
				D0C85BD718BDB4810002033E /* SimpleDBUtils.m */,
			);
			name = SimpleDBLibraryObjectStore;
			sourceTree = "<group>";
		};
		D07526F718B0096C00622CBA /* Abstract Classes */ = {
			isa = PBXGroup;
			children = (
				D075270118B009C600622CBA /* AbstractLibraryObjectStore.h */,
				D075270218B009C600622CBA /* AbstractLibraryObjectStore.m */,
				D075270318B009C600622CBA /* AbstractCloudLibraryObjectStore.h */,
				D075270418B009C600622CBA /* AbstractCloudLibraryObjectStore.m */,
			);
			name = "Abstract Classes";
			sourceTree = "<group>";
		};
		D0C85BD918BDB52F0002033E /* SimpleDBLibraryObjectStore */ = {
			isa = PBXGroup;
			children = (
				D031240A18BDBD9700F3AAD9 /* SimpleDBUtilsTests.m */,
			);
			name = SimpleDBLibraryObjectStore;
			sourceTree = "<group>";
		};
		D704E1B118B1942100170B7E /* Procedure */ = {
			isa = PBXGroup;
			children = (
				D72FE4A318B59F0D00C6452F /* ProcedureNameConstants.h */,
				D72FE4A418B59F0D00C6452F /* ProcedureNameConstants.m */,
				D72FE4A518B59F0D00C6452F /* PrimitiveProcedures.h */,
				D72FE4A618B59F0D00C6452F /* PrimitiveProcedures.m */,
				D72FE4A718B59F0D00C6452F /* ProcedureRecordParser.h */,
				D72FE4A818B59F0D00C6452F /* ProcedureRecordParser.m */,
				D72FE4A918B59F0D00C6452F /* Procedures.h */,
				D72FE4AA18B59F0D00C6452F /* Procedures.m */,
				D72FE4AB18B59F0D00C6452F /* ProcedureRecord.h */,
				D72FE4AC18B59F0D00C6452F /* ProcedureRecord.m */,
			);
			name = Procedure;
			sourceTree = "<group>";
		};
		D704E1C218B194A200170B7E /* Model Tests */ = {
			isa = PBXGroup;
			children = (
				D704E1C318B194AE00170B7E /* Procedure Tests */,
			);
			name = "Model Tests";
			sourceTree = "<group>";
		};
		D704E1C318B194AE00170B7E /* Procedure Tests */ = {
			isa = PBXGroup;
			children = (
				D72FE4B218B59F8200C6452F /* PrimitiveProcedureTests.m */,
				D72FE4B318B59F8200C6452F /* ProcedureNameConstantsTests.m */,
				D72FE4B418B59F8200C6452F /* ProcedureRecordParserTests.m */,
				D72FE4B518B59F8200C6452F /* ProceduresTests.m */,
				D72FE4B618B59F8200C6452F /* ProcedureRecordTests.m */,
			);
			name = "Procedure Tests";
			sourceTree = "<group>";
		};
		D729BD2E181C24A000F762A3 = {
			isa = PBXGroup;
			children = (
				D729BD40181C24A000F762A3 /* ProjectCrystalBlue-iOS */,
				D729BD59181C24A000F762A3 /* ProjectCrystalBlue-iOSTests */,
				D729BD39181C24A000F762A3 /* Frameworks */,
				D729BD38181C24A000F762A3 /* Products */,
			);
			sourceTree = "<group>";
		};
		D729BD38181C24A000F762A3 /* Products */ = {
			isa = PBXGroup;
			children = (
				D729BD37181C24A000F762A3 /* ProjectCrystalBlue-iOS.app */,
				D729BD52181C24A000F762A3 /* ProjectCrystalBlue-iOSTests.xctest */,
			);
			name = Products;
			sourceTree = "<group>";
		};
		D729BD39181C24A000F762A3 /* Frameworks */ = {
			isa = PBXGroup;
			children = (
				03AE34DB18B1F3F1006AD856 /* libzbar.a */,
				D7E0AFD618B00D410005DFDA /* AWSRuntime.framework */,
				D7EFB3F218AECF64004EAB88 /* AWSSimpleDB.framework */,
				D7EFB3F018AECF5C004EAB88 /* AWSS3.framework */,
				D04AD3971851BDAB0079B2EE /* CFNetwork.framework */,
				D71EE32D18518C5F007D4018 /* libsqlite3.dylib */,
				D729BD3A181C24A000F762A3 /* Foundation.framework */,
				D729BD3C181C24A000F762A3 /* CoreGraphics.framework */,
				D729BD3E181C24A000F762A3 /* UIKit.framework */,
				D729BD53181C24A000F762A3 /* XCTest.framework */,
			);
			name = Frameworks;
			sourceTree = "<group>";
		};
		D729BD40181C24A000F762A3 /* ProjectCrystalBlue-iOS */ = {
			isa = PBXGroup;
			children = (
				B4383AE4189C71B800DAC28F /* XIBs */,
				B4383ACD189C431E00DAC28F /* AppDelegate */,
				D01DDDB3188DDBF80059AF09 /* Controller */,
				D01DDDB2188DDBF10059AF09 /* Model */,
				D01DDDB4188DDC020059AF09 /* Store */,
				D01DDDB6188DDC0F0059AF09 /* Utility */,
				D01DDDB5188DDC080059AF09 /* ViewController */,
				D729BD4C181C24A000F762A3 /* Images.xcassets */,
				D729BD41181C24A000F762A3 /* Supporting Files */,
			);
			path = "ProjectCrystalBlue-iOS";
			sourceTree = "<group>";
		};
		D729BD41181C24A000F762A3 /* Supporting Files */ = {
			isa = PBXGroup;
			children = (
				D729BD42181C24A000F762A3 /* ProjectCrystalBlue-iOS-Info.plist */,
				D729BD43181C24A000F762A3 /* InfoPlist.strings */,
				D729BD46181C24A000F762A3 /* main.m */,
				D729BD48181C24A000F762A3 /* ProjectCrystalBlue-iOS-Prefix.pch */,
			);
			name = "Supporting Files";
			sourceTree = "<group>";
		};
		D729BD59181C24A000F762A3 /* ProjectCrystalBlue-iOSTests */ = {
			isa = PBXGroup;
			children = (
				D704E1C218B194A200170B7E /* Model Tests */,
				D7EFB3DA18AEC872004EAB88 /* Store Tests */,
				D729BD5F181C24A000F762A3 /* ProjectCrystalBlue_iOSTests.m */,
				D729BD5A181C24A000F762A3 /* Supporting Files */,
			);
			path = "ProjectCrystalBlue-iOSTests";
			sourceTree = "<group>";
		};
		D729BD5A181C24A000F762A3 /* Supporting Files */ = {
			isa = PBXGroup;
			children = (
				D729BD5B181C24A000F762A3 /* ProjectCrystalBlue-iOSTests-Info.plist */,
				D729BD5C181C24A000F762A3 /* InfoPlist.strings */,
			);
			name = "Supporting Files";
			sourceTree = "<group>";
		};
		D7D76B00189EEB6B0056CDE4 /* Lumberjack */ = {
			isa = PBXGroup;
			children = (
				D7D76B01189EED000056CDE4 /* DDASLLogger.h */,
				D7D76B02189EED000056CDE4 /* DDASLLogger.m */,
				D7D76B03189EED000056CDE4 /* DDFileLogger.h */,
				D7D76B04189EED000056CDE4 /* DDFileLogger.m */,
				D7D76B05189EED000056CDE4 /* DDLog.h */,
				D7D76B06189EED000056CDE4 /* DDLog.m */,
				D7D76B0A189EED060056CDE4 /* DDTTYLogger.h */,
				D7D76B0B189EED060056CDE4 /* DDTTYLogger.m */,
			);
			name = Lumberjack;
			sourceTree = "<group>";
		};
		D7EFB3D218AEC66C004EAB88 /* ImageStore */ = {
			isa = PBXGroup;
			children = (
				D7EFB3E218AECB38004EAB88 /* ImageStoreResources */,
				D7EFB3D318AEC675004EAB88 /* Abstract Classes */,
				D7EFB3DF18AEC9A3004EAB88 /* LocalImageStore.h */,
				D7EFB3E018AEC9A3004EAB88 /* LocalImageStore.m */,
			);
			name = ImageStore;
			sourceTree = "<group>";
		};
		D7EFB3D318AEC675004EAB88 /* Abstract Classes */ = {
			isa = PBXGroup;
			children = (
				D7EFB3D418AEC695004EAB88 /* AbstractMobileImageStore.h */,
				D7EFB3D518AEC695004EAB88 /* AbstractMobileImageStore.m */,
				D7EFB3D718AEC7DD004EAB88 /* AbstractMobileCloudImageStore.h */,
				D7EFB3D818AEC7DD004EAB88 /* AbstractMobileCloudImageStore.m */,
			);
			name = "Abstract Classes";
			sourceTree = "<group>";
		};
		D7EFB3DA18AEC872004EAB88 /* Store Tests */ = {
			isa = PBXGroup;
			children = (
				D001B3BB18B0398700975620 /* TransactionStore */,
				D001B3BC18B0398F00975620 /* LibraryObjectStore */,
				D7EFB3DB18AEC876004EAB88 /* Image Store */,
			);
			name = "Store Tests";
			sourceTree = "<group>";
		};
		D7EFB3DB18AEC876004EAB88 /* Image Store */ = {
			isa = PBXGroup;
			children = (
				D7EFB3E918AECCF9004EAB88 /* LocalImageStore */,
				D7EFB3DC18AEC87A004EAB88 /* AbstractMobileImageStore */,
			);
			name = "Image Store";
			sourceTree = "<group>";
		};
		D7EFB3DC18AEC87A004EAB88 /* AbstractMobileImageStore */ = {
			isa = PBXGroup;
			children = (
				D7EFB3DD18AEC88E004EAB88 /* AbstractImageStoreTests.m */,
			);
			name = AbstractMobileImageStore;
			sourceTree = "<group>";
		};
		D7EFB3E218AECB38004EAB88 /* ImageStoreResources */ = {
			isa = PBXGroup;
			children = (
				D7EFB3E318AECB45004EAB88 /* no_image.png */,
			);
			name = ImageStoreResources;
			sourceTree = "<group>";
		};
		D7EFB3E518AECB9D004EAB88 /* MobileImageUtils */ = {
			isa = PBXGroup;
			children = (
				D7EFB3E618AECBB2004EAB88 /* ImageUtils.h */,
				D7EFB3E718AECBB2004EAB88 /* ImageUtils.m */,
			);
			name = MobileImageUtils;
			sourceTree = "<group>";
		};
		D7EFB3E918AECCF9004EAB88 /* LocalImageStore */ = {
			isa = PBXGroup;
			children = (
				D7EFB3EC18AECD0F004EAB88 /* big_test_image_4096-4096.jpg */,
				D7EFB3EA18AECD09004EAB88 /* LocalImageStoreTests.m */,
			);
			name = LocalImageStore;
			sourceTree = "<group>";
		};
/* End PBXGroup section */

/* Begin PBXNativeTarget section */
		D729BD36181C24A000F762A3 /* ProjectCrystalBlue-iOS */ = {
			isa = PBXNativeTarget;
			buildConfigurationList = D729BD63181C24A000F762A3 /* Build configuration list for PBXNativeTarget "ProjectCrystalBlue-iOS" */;
			buildPhases = (
				D729BD33181C24A000F762A3 /* Sources */,
				D729BD34181C24A000F762A3 /* Frameworks */,
				D729BD35181C24A000F762A3 /* Resources */,
			);
			buildRules = (
			);
			dependencies = (
			);
			name = "ProjectCrystalBlue-iOS";
			productName = "ProjectCrystalBlue-iOS";
			productReference = D729BD37181C24A000F762A3 /* ProjectCrystalBlue-iOS.app */;
			productType = "com.apple.product-type.application";
		};
		D729BD51181C24A000F762A3 /* ProjectCrystalBlue-iOSTests */ = {
			isa = PBXNativeTarget;
			buildConfigurationList = D729BD66181C24A000F762A3 /* Build configuration list for PBXNativeTarget "ProjectCrystalBlue-iOSTests" */;
			buildPhases = (
				D729BD4E181C24A000F762A3 /* Sources */,
				D729BD4F181C24A000F762A3 /* Frameworks */,
				D729BD50181C24A000F762A3 /* Resources */,
			);
			buildRules = (
			);
			dependencies = (
				D729BD58181C24A000F762A3 /* PBXTargetDependency */,
			);
			name = "ProjectCrystalBlue-iOSTests";
			productName = "ProjectCrystalBlue-iOSTests";
			productReference = D729BD52181C24A000F762A3 /* ProjectCrystalBlue-iOSTests.xctest */;
			productType = "com.apple.product-type.bundle.unit-test";
		};
/* End PBXNativeTarget section */

/* Begin PBXProject section */
		D729BD2F181C24A000F762A3 /* Project object */ = {
			isa = PBXProject;
			attributes = {
				LastUpgradeCheck = 0500;
				ORGANIZATIONNAME = "Project Crystal Blue";
				TargetAttributes = {
					D729BD51181C24A000F762A3 = {
						TestTargetID = D729BD36181C24A000F762A3;
					};
				};
			};
			buildConfigurationList = D729BD32181C24A000F762A3 /* Build configuration list for PBXProject "ProjectCrystalBlue-iOS" */;
			compatibilityVersion = "Xcode 3.2";
			developmentRegion = English;
			hasScannedForEncodings = 0;
			knownRegions = (
				en,
				Base,
			);
			mainGroup = D729BD2E181C24A000F762A3;
			productRefGroup = D729BD38181C24A000F762A3 /* Products */;
			projectDirPath = "";
			projectRoot = "";
			targets = (
				D729BD36181C24A000F762A3 /* ProjectCrystalBlue-iOS */,
				D729BD51181C24A000F762A3 /* ProjectCrystalBlue-iOSTests */,
			);
		};
/* End PBXProject section */

/* Begin PBXResourcesBuildPhase section */
		D729BD35181C24A000F762A3 /* Resources */ = {
			isa = PBXResourcesBuildPhase;
			buildActionMask = 2147483647;
			files = (
				B446B94518C2E49D00AB4E88 /* AddSampleFiveViewController.xib in Resources */,
				D729BD45181C24A000F762A3 /* InfoPlist.strings in Resources */,
				B446B94A18C2E67C00AB4E88 /* AddSampleSixViewController.xib in Resources */,
				D729BD4D181C24A000F762A3 /* Images.xcassets in Resources */,
				B446B92C18C2589900AB4E88 /* SearchSampleViewController.xib in Resources */,
				B446B92718C2403C00AB4E88 /* HomeViewController.xib in Resources */,
				D7EFB3E418AECB45004EAB88 /* no_image.png in Resources */,
				B4383AE7189DFEBB00DAC28F /* SourceEditViewController.xib in Resources */,
				B446B93218C2C85900AB4E88 /* AddSampleOneViewController.xib in Resources */,
			);
			runOnlyForDeploymentPostprocessing = 0;
		};
		D729BD50181C24A000F762A3 /* Resources */ = {
			isa = PBXResourcesBuildPhase;
			buildActionMask = 2147483647;
			files = (
				D7EFB3ED18AECD0F004EAB88 /* big_test_image_4096-4096.jpg in Resources */,
				D729BD5E181C24A000F762A3 /* InfoPlist.strings in Resources */,
			);
			runOnlyForDeploymentPostprocessing = 0;
		};
/* End PBXResourcesBuildPhase section */

/* Begin PBXSourcesBuildPhase section */
		D729BD33181C24A000F762A3 /* Sources */ = {
			isa = PBXSourcesBuildPhase;
			buildActionMask = 2147483647;
			files = (
				B446B93118C2C85900AB4E88 /* AddSampleOneViewController.m in Sources */,
				B4383AD0189C4A0000DAC28F /* AppDelegate.m in Sources */,
				D07526FC18B0099B00622CBA /* SimpleDBLibraryObjectStore.m in Sources */,
				D72FE4AF18B59F0D00C6452F /* ProcedureRecordParser.m in Sources */,
				D7D76B08189EED000056CDE4 /* DDFileLogger.m in Sources */,
				B446B94918C2E67C00AB4E88 /* AddSampleSixViewController.m in Sources */,
				D72FE4B118B59F0D00C6452F /* ProcedureRecord.m in Sources */,
				D075270618B009C600622CBA /* AbstractCloudLibraryObjectStore.m in Sources */,
				B4383ACB189C42B700DAC28F /* SourceViewController.m in Sources */,
				D7EFB3D618AEC695004EAB88 /* AbstractMobileImageStore.m in Sources */,
				D7D76B0C189EED060056CDE4 /* DDTTYLogger.m in Sources */,
				D01DDDC2188DDC5E0059AF09 /* SourceConstants.m in Sources */,
				B446B93518C2CCA200AB4E88 /* AddSampleTwoViewController.m in Sources */,
				B446B94418C2E49D00AB4E88 /* AddSampleFiveViewController.m in Sources */,
				D0C85BD518BDB0C00002033E /* ConflictResolution.m in Sources */,
				D7EFB3E818AECBB2004EAB88 /* ImageUtils.m in Sources */,
				D01DDDC1188DDC5E0059AF09 /* Source.m in Sources */,
				D075270918B021AD00622CBA /* HardcodedCredentialsProvider.m in Sources */,
				D7D76B09189EED000056CDE4 /* DDLog.m in Sources */,
				B4014E8D18A7203300D8F4BA /* SampleViewController.m in Sources */,
				D0B1B728189C876000052443 /* LibraryObject.m in Sources */,
				D075270018B009A500622CBA /* LocalLibraryObjectStore.m in Sources */,
				D72FE4B018B59F0D00C6452F /* Procedures.m in Sources */,
				D07526DF18B0084400622CBA /* Transaction.m in Sources */,
				B446B93B18C2DA7900AB4E88 /* AddSampleFourViewController.m in Sources */,
				D729BD47181C24A000F762A3 /* main.m in Sources */,
				D07526F018B008E300622CBA /* FMDatabase.m in Sources */,
				D01DDDBF188DDC5E0059AF09 /* Sample.m in Sources */,
				B42DF81318B1DB3B001C0E09 /* ProcedureListViewController.m in Sources */,
				D075270518B009C600622CBA /* AbstractLibraryObjectStore.m in Sources */,
				D01DDDC0188DDC5E0059AF09 /* SampleConstants.m in Sources */,
				D72FE4AD18B59F0D00C6452F /* ProcedureNameConstants.m in Sources */,
				B446B92618C2403C00AB4E88 /* HomeViewController.m in Sources */,
				B42DF80D18AFC4CD001C0E09 /* SampleEditViewController.m in Sources */,
				D72FE4AE18B59F0D00C6452F /* PrimitiveProcedures.m in Sources */,
				D7EFB3E118AEC9A3004EAB88 /* LocalImageStore.m in Sources */,
				B4383AE2189C71B200DAC28F /* SourceEditViewController.m in Sources */,
				D07526E018B0084400622CBA /* TransactionConstants.m in Sources */,
				D07526E418B008B600622CBA /* TransactionStore.m in Sources */,
				D07526F118B008E300622CBA /* FMDatabaseAdditions.m in Sources */,
				D07526F418B008E300622CBA /* FMResultSet.m in Sources */,
				B446B92B18C2589900AB4E88 /* SearchSampleViewController.m in Sources */,
				D07526F218B008E300622CBA /* FMDatabasePool.m in Sources */,
				D7D76B07189EED000056CDE4 /* DDASLLogger.m in Sources */,
				B446B93818C2D3D900AB4E88 /* AddSampleThreeViewController.m in Sources */,
				D7EFB3D918AEC7DD004EAB88 /* AbstractMobileCloudImageStore.m in Sources */,
				D07526F318B008E300622CBA /* FMDatabaseQueue.m in Sources */,
				D0C85BD818BDB4810002033E /* SimpleDBUtils.m in Sources */,
			);
			runOnlyForDeploymentPostprocessing = 0;
		};
		D729BD4E181C24A000F762A3 /* Sources */ = {
			isa = PBXSourcesBuildPhase;
			buildActionMask = 2147483647;
			files = (
				D001B3BF18B039C000975620 /* LocalLibraryObjectStoreTests.m in Sources */,
				D72FE4BA18B59F8200C6452F /* ProceduresTests.m in Sources */,
				D72FE4BB18B59F8200C6452F /* ProcedureRecordTests.m in Sources */,
				D001B3C118B039CB00975620 /* TransactionStoreTests.m in Sources */,
				D729BD60181C24A000F762A3 /* ProjectCrystalBlue_iOSTests.m in Sources */,
				D7EFB3EB18AECD09004EAB88 /* LocalImageStoreTests.m in Sources */,
				D031240B18BDBD9700F3AAD9 /* SimpleDBUtilsTests.m in Sources */,
				D7EFB3DE18AEC88E004EAB88 /* AbstractImageStoreTests.m in Sources */,
				D72FE4B718B59F8200C6452F /* PrimitiveProcedureTests.m in Sources */,
				D72FE4B818B59F8200C6452F /* ProcedureNameConstantsTests.m in Sources */,
				D72FE4B918B59F8200C6452F /* ProcedureRecordParserTests.m in Sources */,
			);
			runOnlyForDeploymentPostprocessing = 0;
		};
/* End PBXSourcesBuildPhase section */

/* Begin PBXTargetDependency section */
		D729BD58181C24A000F762A3 /* PBXTargetDependency */ = {
			isa = PBXTargetDependency;
			target = D729BD36181C24A000F762A3 /* ProjectCrystalBlue-iOS */;
			targetProxy = D729BD57181C24A000F762A3 /* PBXContainerItemProxy */;
		};
/* End PBXTargetDependency section */

/* Begin PBXVariantGroup section */
		D729BD43181C24A000F762A3 /* InfoPlist.strings */ = {
			isa = PBXVariantGroup;
			children = (
				D729BD44181C24A000F762A3 /* en */,
			);
			name = InfoPlist.strings;
			sourceTree = "<group>";
		};
		D729BD5C181C24A000F762A3 /* InfoPlist.strings */ = {
			isa = PBXVariantGroup;
			children = (
				D729BD5D181C24A000F762A3 /* en */,
			);
			name = InfoPlist.strings;
			sourceTree = "<group>";
		};
/* End PBXVariantGroup section */

/* Begin XCBuildConfiguration section */
		D729BD61181C24A000F762A3 /* Debug */ = {
			isa = XCBuildConfiguration;
			buildSettings = {
				ALWAYS_SEARCH_USER_PATHS = NO;
				ARCHS = "$(ARCHS_STANDARD_INCLUDING_64_BIT)";
				CLANG_CXX_LANGUAGE_STANDARD = "gnu++0x";
				CLANG_CXX_LIBRARY = "libc++";
				CLANG_ENABLE_MODULES = YES;
				CLANG_ENABLE_OBJC_ARC = YES;
				CLANG_WARN_BOOL_CONVERSION = YES;
				CLANG_WARN_CONSTANT_CONVERSION = YES;
				CLANG_WARN_DIRECT_OBJC_ISA_USAGE = YES_ERROR;
				CLANG_WARN_EMPTY_BODY = YES;
				CLANG_WARN_ENUM_CONVERSION = YES;
				CLANG_WARN_INT_CONVERSION = YES;
				CLANG_WARN_OBJC_ROOT_CLASS = YES_ERROR;
				CLANG_WARN__DUPLICATE_METHOD_MATCH = YES;
				"CODE_SIGN_IDENTITY[sdk=iphoneos*]" = "iPhone Developer";
				COPY_PHASE_STRIP = NO;
				GCC_C_LANGUAGE_STANDARD = gnu99;
				GCC_DYNAMIC_NO_PIC = NO;
				GCC_OPTIMIZATION_LEVEL = 0;
				GCC_PREPROCESSOR_DEFINITIONS = (
					"$(inherited)",
					"DEBUG=1",
					"AWS_MULTI_FRAMEWORK=1",
				);
				GCC_SYMBOLS_PRIVATE_EXTERN = NO;
				GCC_WARN_64_TO_32_BIT_CONVERSION = YES;
				GCC_WARN_ABOUT_RETURN_TYPE = YES_ERROR;
				GCC_WARN_UNDECLARED_SELECTOR = YES;
				GCC_WARN_UNINITIALIZED_AUTOS = YES;
				GCC_WARN_UNUSED_FUNCTION = YES;
				GCC_WARN_UNUSED_VARIABLE = YES;
				IPHONEOS_DEPLOYMENT_TARGET = 7.0;
				ONLY_ACTIVE_ARCH = YES;
				SDKROOT = iphoneos;
				TARGETED_DEVICE_FAMILY = "1,2";
			};
			name = Debug;
		};
		D729BD62181C24A000F762A3 /* Release */ = {
			isa = XCBuildConfiguration;
			buildSettings = {
				ALWAYS_SEARCH_USER_PATHS = NO;
				ARCHS = "$(ARCHS_STANDARD_INCLUDING_64_BIT)";
				CLANG_CXX_LANGUAGE_STANDARD = "gnu++0x";
				CLANG_CXX_LIBRARY = "libc++";
				CLANG_ENABLE_MODULES = YES;
				CLANG_ENABLE_OBJC_ARC = YES;
				CLANG_WARN_BOOL_CONVERSION = YES;
				CLANG_WARN_CONSTANT_CONVERSION = YES;
				CLANG_WARN_DIRECT_OBJC_ISA_USAGE = YES_ERROR;
				CLANG_WARN_EMPTY_BODY = YES;
				CLANG_WARN_ENUM_CONVERSION = YES;
				CLANG_WARN_INT_CONVERSION = YES;
				CLANG_WARN_OBJC_ROOT_CLASS = YES_ERROR;
				CLANG_WARN__DUPLICATE_METHOD_MATCH = YES;
				"CODE_SIGN_IDENTITY[sdk=iphoneos*]" = "iPhone Developer";
				COPY_PHASE_STRIP = YES;
				ENABLE_NS_ASSERTIONS = NO;
				GCC_C_LANGUAGE_STANDARD = gnu99;
				GCC_PREPROCESSOR_DEFINITIONS = "AWS_MULTI_FRAMEWORK=1";
				GCC_WARN_64_TO_32_BIT_CONVERSION = YES;
				GCC_WARN_ABOUT_RETURN_TYPE = YES_ERROR;
				GCC_WARN_UNDECLARED_SELECTOR = YES;
				GCC_WARN_UNINITIALIZED_AUTOS = YES;
				GCC_WARN_UNUSED_FUNCTION = YES;
				GCC_WARN_UNUSED_VARIABLE = YES;
				IPHONEOS_DEPLOYMENT_TARGET = 7.0;
				SDKROOT = iphoneos;
				TARGETED_DEVICE_FAMILY = "1,2";
				VALIDATE_PRODUCT = YES;
			};
			name = Release;
		};
		D729BD64181C24A000F762A3 /* Debug */ = {
			isa = XCBuildConfiguration;
			buildSettings = {
				ASSETCATALOG_COMPILER_APPICON_NAME = AppIcon;
				ASSETCATALOG_COMPILER_LAUNCHIMAGE_NAME = LaunchImage;
				CODE_SIGN_IDENTITY = "iPhone Developer";
				FRAMEWORK_SEARCH_PATHS = (
					"$(SRCROOT)/include",
					"$(inherited)",
				);
				GCC_PRECOMPILE_PREFIX_HEADER = YES;
				GCC_PREFIX_HEADER = "ProjectCrystalBlue-iOS/ProjectCrystalBlue-iOS-Prefix.pch";
				HEADER_SEARCH_PATHS = (
					"$(inherited)",
					/Applications/Xcode.app/Contents/Developer/Toolchains/XcodeDefault.xctoolchain/usr/include,
					"$(SRCROOT)/include",
					"$(SRCROOT)/include/ZBarSDK",
				);
				INFOPLIST_FILE = "ProjectCrystalBlue-iOS/ProjectCrystalBlue-iOS-Info.plist";
				LIBRARY_SEARCH_PATHS = (
					"$(inherited)",
					"$(SRCROOT)/include",
				);
				PRODUCT_NAME = "$(TARGET_NAME)";
				WRAPPER_EXTENSION = app;
			};
			name = Debug;
		};
		D729BD65181C24A000F762A3 /* Release */ = {
			isa = XCBuildConfiguration;
			buildSettings = {
				ASSETCATALOG_COMPILER_APPICON_NAME = AppIcon;
				ASSETCATALOG_COMPILER_LAUNCHIMAGE_NAME = LaunchImage;
				CODE_SIGN_IDENTITY = "iPhone Developer";
				FRAMEWORK_SEARCH_PATHS = (
					"$(SRCROOT)/include",
					"$(inherited)",
				);
				GCC_PRECOMPILE_PREFIX_HEADER = YES;
				GCC_PREFIX_HEADER = "ProjectCrystalBlue-iOS/ProjectCrystalBlue-iOS-Prefix.pch";
				HEADER_SEARCH_PATHS = (
					"$(inherited)",
					/Applications/Xcode.app/Contents/Developer/Toolchains/XcodeDefault.xctoolchain/usr/include,
					"$(SRCROOT)/include",
					"$(SRCROOT)/include/ZBarSDK",
				);
				INFOPLIST_FILE = "ProjectCrystalBlue-iOS/ProjectCrystalBlue-iOS-Info.plist";
				LIBRARY_SEARCH_PATHS = (
					"$(inherited)",
					"$(SRCROOT)/include",
				);
				PRODUCT_NAME = "$(TARGET_NAME)";
				WRAPPER_EXTENSION = app;
			};
			name = Release;
		};
		D729BD67181C24A000F762A3 /* Debug */ = {
			isa = XCBuildConfiguration;
			buildSettings = {
				ARCHS = "$(ARCHS_STANDARD_INCLUDING_64_BIT)";
				BUNDLE_LOADER = "$(BUILT_PRODUCTS_DIR)/ProjectCrystalBlue-iOS.app/ProjectCrystalBlue-iOS";
				FRAMEWORK_SEARCH_PATHS = (
					"$(SDKROOT)/Developer/Library/Frameworks",
					"$(DEVELOPER_FRAMEWORKS_DIR)",
					"$(SRCROOT)/include",
					"$(inherited)",
				);
				GCC_PRECOMPILE_PREFIX_HEADER = YES;
				GCC_PREFIX_HEADER = "ProjectCrystalBlue-iOS/ProjectCrystalBlue-iOS-Prefix.pch";
				GCC_PREPROCESSOR_DEFINITIONS = (
					"DEBUG=1",
					"$(inherited)",
				);
				HEADER_SEARCH_PATHS = (
					"$(inherited)",
					/Applications/Xcode.app/Contents/Developer/Toolchains/XcodeDefault.xctoolchain/usr/include,
					"$(SRCROOT)/include",
				);
				INFOPLIST_FILE = "ProjectCrystalBlue-iOSTests/ProjectCrystalBlue-iOSTests-Info.plist";
				LIBRARY_SEARCH_PATHS = "$(SRCROOT)/include";
				PRODUCT_NAME = "$(TARGET_NAME)";
				TEST_HOST = "$(BUNDLE_LOADER)";
				WRAPPER_EXTENSION = xctest;
			};
			name = Debug;
		};
		D729BD68181C24A000F762A3 /* Release */ = {
			isa = XCBuildConfiguration;
			buildSettings = {
				ARCHS = "$(ARCHS_STANDARD_INCLUDING_64_BIT)";
				BUNDLE_LOADER = "$(BUILT_PRODUCTS_DIR)/ProjectCrystalBlue-iOS.app/ProjectCrystalBlue-iOS";
				FRAMEWORK_SEARCH_PATHS = (
					"$(SDKROOT)/Developer/Library/Frameworks",
					"$(DEVELOPER_FRAMEWORKS_DIR)",
					"$(SRCROOT)/include",
					"$(inherited)",
				);
				GCC_PRECOMPILE_PREFIX_HEADER = YES;
				GCC_PREFIX_HEADER = "ProjectCrystalBlue-iOS/ProjectCrystalBlue-iOS-Prefix.pch";
				HEADER_SEARCH_PATHS = (
					"$(inherited)",
					/Applications/Xcode.app/Contents/Developer/Toolchains/XcodeDefault.xctoolchain/usr/include,
					"$(SRCROOT)/include",
				);
				INFOPLIST_FILE = "ProjectCrystalBlue-iOSTests/ProjectCrystalBlue-iOSTests-Info.plist";
				LIBRARY_SEARCH_PATHS = "$(SRCROOT)/include";
				PRODUCT_NAME = "$(TARGET_NAME)";
				TEST_HOST = "$(BUNDLE_LOADER)";
				WRAPPER_EXTENSION = xctest;
			};
			name = Release;
		};
/* End XCBuildConfiguration section */

/* Begin XCConfigurationList section */
		D729BD32181C24A000F762A3 /* Build configuration list for PBXProject "ProjectCrystalBlue-iOS" */ = {
			isa = XCConfigurationList;
			buildConfigurations = (
				D729BD61181C24A000F762A3 /* Debug */,
				D729BD62181C24A000F762A3 /* Release */,
			);
			defaultConfigurationIsVisible = 0;
			defaultConfigurationName = Release;
		};
		D729BD63181C24A000F762A3 /* Build configuration list for PBXNativeTarget "ProjectCrystalBlue-iOS" */ = {
			isa = XCConfigurationList;
			buildConfigurations = (
				D729BD64181C24A000F762A3 /* Debug */,
				D729BD65181C24A000F762A3 /* Release */,
			);
			defaultConfigurationIsVisible = 0;
			defaultConfigurationName = Release;
		};
		D729BD66181C24A000F762A3 /* Build configuration list for PBXNativeTarget "ProjectCrystalBlue-iOSTests" */ = {
			isa = XCConfigurationList;
			buildConfigurations = (
				D729BD67181C24A000F762A3 /* Debug */,
				D729BD68181C24A000F762A3 /* Release */,
			);
			defaultConfigurationIsVisible = 0;
			defaultConfigurationName = Release;
		};
/* End XCConfigurationList section */
	};
	rootObject = D729BD2F181C24A000F762A3 /* Project object */;
}
