// !$*UTF8*$!
{
	archiveVersion = 1;
	classes = {
	};
	objectVersion = 46;
	objects = {

/* Begin PBXBuildFile section */
		B4383ACB189C42B700DAC28F /* SourceViewController.m in Sources */ = {isa = PBXBuildFile; fileRef = B4383ACA189C42B700DAC28F /* SourceViewController.m */; };
		B4383AD0189C4A0000DAC28F /* AppDelegate.m in Sources */ = {isa = PBXBuildFile; fileRef = B4383ACF189C4A0000DAC28F /* AppDelegate.m */; };
		D01DDDBF188DDC5E0059AF09 /* Sample.m in Sources */ = {isa = PBXBuildFile; fileRef = D01DDDB8188DDC5E0059AF09 /* Sample.m */; };
		D01DDDC0188DDC5E0059AF09 /* SampleConstants.m in Sources */ = {isa = PBXBuildFile; fileRef = D01DDDBA188DDC5E0059AF09 /* SampleConstants.m */; };
		D01DDDC1188DDC5E0059AF09 /* Source.m in Sources */ = {isa = PBXBuildFile; fileRef = D01DDDBC188DDC5E0059AF09 /* Source.m */; };
		D01DDDC2188DDC5E0059AF09 /* SourceConstants.m in Sources */ = {isa = PBXBuildFile; fileRef = D01DDDBE188DDC5E0059AF09 /* SourceConstants.m */; };
		D01DDDC9188DDC910059AF09 /* SampleStore.m in Sources */ = {isa = PBXBuildFile; fileRef = D01DDDC4188DDC910059AF09 /* SampleStore.m */; };
		D01DDDCA188DDC910059AF09 /* ImageStore.m in Sources */ = {isa = PBXBuildFile; fileRef = D01DDDC6188DDC910059AF09 /* ImageStore.m */; };
		D01DDDCB188DDC910059AF09 /* SourceStore.m in Sources */ = {isa = PBXBuildFile; fileRef = D01DDDC8188DDC910059AF09 /* SourceStore.m */; };
		D03677031857D496002A042D /* zumero.a in Frameworks */ = {isa = PBXBuildFile; fileRef = D03677021857D496002A042D /* zumero.a */; };
		D04AD3981851BDAB0079B2EE /* CFNetwork.framework in Frameworks */ = {isa = PBXBuildFile; fileRef = D04AD3971851BDAB0079B2EE /* CFNetwork.framework */; };
		D04AD39A1851BDB00079B2EE /* libz.dylib in Frameworks */ = {isa = PBXBuildFile; fileRef = D04AD3991851BDB00079B2EE /* libz.dylib */; };
		D71EE32E18518C5F007D4018 /* libsqlite3.dylib in Frameworks */ = {isa = PBXBuildFile; fileRef = D71EE32D18518C5F007D4018 /* libsqlite3.dylib */; };
		D729BD3B181C24A000F762A3 /* Foundation.framework in Frameworks */ = {isa = PBXBuildFile; fileRef = D729BD3A181C24A000F762A3 /* Foundation.framework */; };
		D729BD3D181C24A000F762A3 /* CoreGraphics.framework in Frameworks */ = {isa = PBXBuildFile; fileRef = D729BD3C181C24A000F762A3 /* CoreGraphics.framework */; };
		D729BD3F181C24A000F762A3 /* UIKit.framework in Frameworks */ = {isa = PBXBuildFile; fileRef = D729BD3E181C24A000F762A3 /* UIKit.framework */; };
		D729BD45181C24A000F762A3 /* InfoPlist.strings in Resources */ = {isa = PBXBuildFile; fileRef = D729BD43181C24A000F762A3 /* InfoPlist.strings */; };
		D729BD47181C24A000F762A3 /* main.m in Sources */ = {isa = PBXBuildFile; fileRef = D729BD46181C24A000F762A3 /* main.m */; };
		D729BD4D181C24A000F762A3 /* Images.xcassets in Resources */ = {isa = PBXBuildFile; fileRef = D729BD4C181C24A000F762A3 /* Images.xcassets */; };
		D729BD54181C24A000F762A3 /* XCTest.framework in Frameworks */ = {isa = PBXBuildFile; fileRef = D729BD53181C24A000F762A3 /* XCTest.framework */; };
		D729BD55181C24A000F762A3 /* Foundation.framework in Frameworks */ = {isa = PBXBuildFile; fileRef = D729BD3A181C24A000F762A3 /* Foundation.framework */; };
		D729BD56181C24A000F762A3 /* UIKit.framework in Frameworks */ = {isa = PBXBuildFile; fileRef = D729BD3E181C24A000F762A3 /* UIKit.framework */; };
		D729BD5E181C24A000F762A3 /* InfoPlist.strings in Resources */ = {isa = PBXBuildFile; fileRef = D729BD5C181C24A000F762A3 /* InfoPlist.strings */; };
		D729BD60181C24A000F762A3 /* ProjectCrystalBlue_iOSTests.m in Sources */ = {isa = PBXBuildFile; fileRef = D729BD5F181C24A000F762A3 /* ProjectCrystalBlue_iOSTests.m */; };
/* End PBXBuildFile section */

/* Begin PBXContainerItemProxy section */
		D729BD57181C24A000F762A3 /* PBXContainerItemProxy */ = {
			isa = PBXContainerItemProxy;
			containerPortal = D729BD2F181C24A000F762A3 /* Project object */;
			proxyType = 1;
			remoteGlobalIDString = D729BD36181C24A000F762A3;
			remoteInfo = "ProjectCrystalBlue-iOS";
		};
/* End PBXContainerItemProxy section */

/* Begin PBXFileReference section */
		B4383AC9189C42B700DAC28F /* SourceViewController.h */ = {isa = PBXFileReference; fileEncoding = 4; lastKnownFileType = sourcecode.c.h; path = SourceViewController.h; sourceTree = "<group>"; };
		B4383ACA189C42B700DAC28F /* SourceViewController.m */ = {isa = PBXFileReference; fileEncoding = 4; lastKnownFileType = sourcecode.c.objc; path = SourceViewController.m; sourceTree = "<group>"; };
		B4383ACE189C4A0000DAC28F /* AppDelegate.h */ = {isa = PBXFileReference; fileEncoding = 4; lastKnownFileType = sourcecode.c.h; path = AppDelegate.h; sourceTree = "<group>"; };
		B4383ACF189C4A0000DAC28F /* AppDelegate.m */ = {isa = PBXFileReference; fileEncoding = 4; lastKnownFileType = sourcecode.c.objc; path = AppDelegate.m; sourceTree = "<group>"; };
		D01DDDB7188DDC5E0059AF09 /* Sample.h */ = {isa = PBXFileReference; fileEncoding = 4; lastKnownFileType = sourcecode.c.h; path = Sample.h; sourceTree = "<group>"; };
		D01DDDB8188DDC5E0059AF09 /* Sample.m */ = {isa = PBXFileReference; fileEncoding = 4; lastKnownFileType = sourcecode.c.objc; path = Sample.m; sourceTree = "<group>"; };
		D01DDDB9188DDC5E0059AF09 /* SampleConstants.h */ = {isa = PBXFileReference; fileEncoding = 4; lastKnownFileType = sourcecode.c.h; path = SampleConstants.h; sourceTree = "<group>"; };
		D01DDDBA188DDC5E0059AF09 /* SampleConstants.m */ = {isa = PBXFileReference; fileEncoding = 4; lastKnownFileType = sourcecode.c.objc; path = SampleConstants.m; sourceTree = "<group>"; };
		D01DDDBB188DDC5E0059AF09 /* Source.h */ = {isa = PBXFileReference; fileEncoding = 4; lastKnownFileType = sourcecode.c.h; path = Source.h; sourceTree = "<group>"; };
		D01DDDBC188DDC5E0059AF09 /* Source.m */ = {isa = PBXFileReference; fileEncoding = 4; lastKnownFileType = sourcecode.c.objc; path = Source.m; sourceTree = "<group>"; };
		D01DDDBD188DDC5E0059AF09 /* SourceConstants.h */ = {isa = PBXFileReference; fileEncoding = 4; lastKnownFileType = sourcecode.c.h; path = SourceConstants.h; sourceTree = "<group>"; };
		D01DDDBE188DDC5E0059AF09 /* SourceConstants.m */ = {isa = PBXFileReference; fileEncoding = 4; lastKnownFileType = sourcecode.c.objc; path = SourceConstants.m; sourceTree = "<group>"; };
		D01DDDC3188DDC910059AF09 /* SampleStore.h */ = {isa = PBXFileReference; fileEncoding = 4; lastKnownFileType = sourcecode.c.h; path = SampleStore.h; sourceTree = "<group>"; };
		D01DDDC4188DDC910059AF09 /* SampleStore.m */ = {isa = PBXFileReference; fileEncoding = 4; lastKnownFileType = sourcecode.c.objc; path = SampleStore.m; sourceTree = "<group>"; };
		D01DDDC5188DDC910059AF09 /* ImageStore.h */ = {isa = PBXFileReference; fileEncoding = 4; lastKnownFileType = sourcecode.c.h; path = ImageStore.h; sourceTree = "<group>"; };
		D01DDDC6188DDC910059AF09 /* ImageStore.m */ = {isa = PBXFileReference; fileEncoding = 4; lastKnownFileType = sourcecode.c.objc; path = ImageStore.m; sourceTree = "<group>"; };
		D01DDDC7188DDC910059AF09 /* SourceStore.h */ = {isa = PBXFileReference; fileEncoding = 4; lastKnownFileType = sourcecode.c.h; path = SourceStore.h; sourceTree = "<group>"; };
		D01DDDC8188DDC910059AF09 /* SourceStore.m */ = {isa = PBXFileReference; fileEncoding = 4; lastKnownFileType = sourcecode.c.objc; path = SourceStore.m; sourceTree = "<group>"; };
		D03677021857D496002A042D /* zumero.a */ = {isa = PBXFileReference; lastKnownFileType = archive.ar; name = zumero.a; path = include/zumero.a; sourceTree = "<group>"; };
		D04AD3971851BDAB0079B2EE /* CFNetwork.framework */ = {isa = PBXFileReference; lastKnownFileType = wrapper.framework; name = CFNetwork.framework; path = System/Library/Frameworks/CFNetwork.framework; sourceTree = SDKROOT; };
		D04AD3991851BDB00079B2EE /* libz.dylib */ = {isa = PBXFileReference; lastKnownFileType = "compiled.mach-o.dylib"; name = libz.dylib; path = usr/lib/libz.dylib; sourceTree = SDKROOT; };
		D71EE32D18518C5F007D4018 /* libsqlite3.dylib */ = {isa = PBXFileReference; lastKnownFileType = "compiled.mach-o.dylib"; name = libsqlite3.dylib; path = usr/lib/libsqlite3.dylib; sourceTree = SDKROOT; };
		D729BD37181C24A000F762A3 /* ProjectCrystalBlue-iOS.app */ = {isa = PBXFileReference; explicitFileType = wrapper.application; includeInIndex = 0; path = "ProjectCrystalBlue-iOS.app"; sourceTree = BUILT_PRODUCTS_DIR; };
		D729BD3A181C24A000F762A3 /* Foundation.framework */ = {isa = PBXFileReference; lastKnownFileType = wrapper.framework; name = Foundation.framework; path = System/Library/Frameworks/Foundation.framework; sourceTree = SDKROOT; };
		D729BD3C181C24A000F762A3 /* CoreGraphics.framework */ = {isa = PBXFileReference; lastKnownFileType = wrapper.framework; name = CoreGraphics.framework; path = System/Library/Frameworks/CoreGraphics.framework; sourceTree = SDKROOT; };
		D729BD3E181C24A000F762A3 /* UIKit.framework */ = {isa = PBXFileReference; lastKnownFileType = wrapper.framework; name = UIKit.framework; path = System/Library/Frameworks/UIKit.framework; sourceTree = SDKROOT; };
		D729BD42181C24A000F762A3 /* ProjectCrystalBlue-iOS-Info.plist */ = {isa = PBXFileReference; lastKnownFileType = text.plist.xml; path = "ProjectCrystalBlue-iOS-Info.plist"; sourceTree = "<group>"; };
		D729BD44181C24A000F762A3 /* en */ = {isa = PBXFileReference; lastKnownFileType = text.plist.strings; name = en; path = en.lproj/InfoPlist.strings; sourceTree = "<group>"; };
		D729BD46181C24A000F762A3 /* main.m */ = {isa = PBXFileReference; lastKnownFileType = sourcecode.c.objc; path = main.m; sourceTree = "<group>"; };
		D729BD48181C24A000F762A3 /* ProjectCrystalBlue-iOS-Prefix.pch */ = {isa = PBXFileReference; lastKnownFileType = sourcecode.c.h; path = "ProjectCrystalBlue-iOS-Prefix.pch"; sourceTree = "<group>"; };
		D729BD4C181C24A000F762A3 /* Images.xcassets */ = {isa = PBXFileReference; lastKnownFileType = folder.assetcatalog; path = Images.xcassets; sourceTree = "<group>"; };
		D729BD52181C24A000F762A3 /* ProjectCrystalBlue-iOSTests.xctest */ = {isa = PBXFileReference; explicitFileType = wrapper.cfbundle; includeInIndex = 0; path = "ProjectCrystalBlue-iOSTests.xctest"; sourceTree = BUILT_PRODUCTS_DIR; };
		D729BD53181C24A000F762A3 /* XCTest.framework */ = {isa = PBXFileReference; lastKnownFileType = wrapper.framework; name = XCTest.framework; path = Library/Frameworks/XCTest.framework; sourceTree = DEVELOPER_DIR; };
		D729BD5B181C24A000F762A3 /* ProjectCrystalBlue-iOSTests-Info.plist */ = {isa = PBXFileReference; lastKnownFileType = text.plist.xml; path = "ProjectCrystalBlue-iOSTests-Info.plist"; sourceTree = "<group>"; };
		D729BD5D181C24A000F762A3 /* en */ = {isa = PBXFileReference; lastKnownFileType = text.plist.strings; name = en; path = en.lproj/InfoPlist.strings; sourceTree = "<group>"; };
		D729BD5F181C24A000F762A3 /* ProjectCrystalBlue_iOSTests.m */ = {isa = PBXFileReference; lastKnownFileType = sourcecode.c.objc; path = ProjectCrystalBlue_iOSTests.m; sourceTree = "<group>"; };
/* End PBXFileReference section */

/* Begin PBXFrameworksBuildPhase section */
		D729BD34181C24A000F762A3 /* Frameworks */ = {
			isa = PBXFrameworksBuildPhase;
			buildActionMask = 2147483647;
			files = (
				D03677031857D496002A042D /* zumero.a in Frameworks */,
				D04AD39A1851BDB00079B2EE /* libz.dylib in Frameworks */,
				D04AD3981851BDAB0079B2EE /* CFNetwork.framework in Frameworks */,
				D71EE32E18518C5F007D4018 /* libsqlite3.dylib in Frameworks */,
				D729BD3D181C24A000F762A3 /* CoreGraphics.framework in Frameworks */,
				D729BD3F181C24A000F762A3 /* UIKit.framework in Frameworks */,
				D729BD3B181C24A000F762A3 /* Foundation.framework in Frameworks */,
			);
			runOnlyForDeploymentPostprocessing = 0;
		};
		D729BD4F181C24A000F762A3 /* Frameworks */ = {
			isa = PBXFrameworksBuildPhase;
			buildActionMask = 2147483647;
			files = (
				D729BD54181C24A000F762A3 /* XCTest.framework in Frameworks */,
				D729BD56181C24A000F762A3 /* UIKit.framework in Frameworks */,
				D729BD55181C24A000F762A3 /* Foundation.framework in Frameworks */,
			);
			runOnlyForDeploymentPostprocessing = 0;
		};
/* End PBXFrameworksBuildPhase section */

/* Begin PBXGroup section */
		B4383ACD189C431E00DAC28F /* AppDelegate */ = {
			isa = PBXGroup;
			children = (
				B4383ACE189C4A0000DAC28F /* AppDelegate.h */,
				B4383ACF189C4A0000DAC28F /* AppDelegate.m */,
			);
			name = AppDelegate;
			sourceTree = "<group>";
		};
		D01DDDB2188DDBF10059AF09 /* Model */ = {
			isa = PBXGroup;
			children = (
				D01DDDB7188DDC5E0059AF09 /* Sample.h */,
				D01DDDB8188DDC5E0059AF09 /* Sample.m */,
				D01DDDB9188DDC5E0059AF09 /* SampleConstants.h */,
				D01DDDBA188DDC5E0059AF09 /* SampleConstants.m */,
				D01DDDBB188DDC5E0059AF09 /* Source.h */,
				D01DDDBC188DDC5E0059AF09 /* Source.m */,
				D01DDDBD188DDC5E0059AF09 /* SourceConstants.h */,
				D01DDDBE188DDC5E0059AF09 /* SourceConstants.m */,
			);
			name = Model;
			sourceTree = "<group>";
		};
		D01DDDB3188DDBF80059AF09 /* Controller */ = {
			isa = PBXGroup;
			children = (
			);
			name = Controller;
			sourceTree = "<group>";
		};
		D01DDDB4188DDC020059AF09 /* Store */ = {
			isa = PBXGroup;
			children = (
				D01DDDC3188DDC910059AF09 /* SampleStore.h */,
				D01DDDC4188DDC910059AF09 /* SampleStore.m */,
				D01DDDC5188DDC910059AF09 /* ImageStore.h */,
				D01DDDC6188DDC910059AF09 /* ImageStore.m */,
				D01DDDC7188DDC910059AF09 /* SourceStore.h */,
				D01DDDC8188DDC910059AF09 /* SourceStore.m */,
			);
			name = Store;
			sourceTree = "<group>";
		};
		D01DDDB5188DDC080059AF09 /* ViewController */ = {
			isa = PBXGroup;
			children = (
				B4383AC9189C42B700DAC28F /* SourceViewController.h */,
				B4383ACA189C42B700DAC28F /* SourceViewController.m */,
			);
			name = ViewController;
			sourceTree = "<group>";
		};
		D01DDDB6188DDC0F0059AF09 /* Utility */ = {
			isa = PBXGroup;
			children = (
			);
			name = Utility;
			sourceTree = "<group>";
		};
		D729BD2E181C24A000F762A3 = {
			isa = PBXGroup;
			children = (
				D729BD40181C24A000F762A3 /* ProjectCrystalBlue-iOS */,
				D729BD59181C24A000F762A3 /* ProjectCrystalBlue-iOSTests */,
				D729BD39181C24A000F762A3 /* Frameworks */,
				D729BD38181C24A000F762A3 /* Products */,
			);
			sourceTree = "<group>";
		};
		D729BD38181C24A000F762A3 /* Products */ = {
			isa = PBXGroup;
			children = (
				D729BD37181C24A000F762A3 /* ProjectCrystalBlue-iOS.app */,
				D729BD52181C24A000F762A3 /* ProjectCrystalBlue-iOSTests.xctest */,
			);
			name = Products;
			sourceTree = "<group>";
		};
		D729BD39181C24A000F762A3 /* Frameworks */ = {
			isa = PBXGroup;
			children = (
				D03677021857D496002A042D /* zumero.a */,
				D04AD3991851BDB00079B2EE /* libz.dylib */,
				D04AD3971851BDAB0079B2EE /* CFNetwork.framework */,
				D71EE32D18518C5F007D4018 /* libsqlite3.dylib */,
				D729BD3A181C24A000F762A3 /* Foundation.framework */,
				D729BD3C181C24A000F762A3 /* CoreGraphics.framework */,
				D729BD3E181C24A000F762A3 /* UIKit.framework */,
				D729BD53181C24A000F762A3 /* XCTest.framework */,
			);
			name = Frameworks;
			sourceTree = "<group>";
		};
		D729BD40181C24A000F762A3 /* ProjectCrystalBlue-iOS */ = {
			isa = PBXGroup;
			children = (
				B4383ACD189C431E00DAC28F /* AppDelegate */,
				D01DDDB3188DDBF80059AF09 /* Controller */,
				D01DDDB2188DDBF10059AF09 /* Model */,
				D01DDDB4188DDC020059AF09 /* Store */,
				D01DDDB6188DDC0F0059AF09 /* Utility */,
				D01DDDB5188DDC080059AF09 /* ViewController */,
				D729BD4C181C24A000F762A3 /* Images.xcassets */,
				D729BD41181C24A000F762A3 /* Supporting Files */,
			);
			path = "ProjectCrystalBlue-iOS";
			sourceTree = "<group>";
		};
		D729BD41181C24A000F762A3 /* Supporting Files */ = {
			isa = PBXGroup;
			children = (
				D729BD42181C24A000F762A3 /* ProjectCrystalBlue-iOS-Info.plist */,
				D729BD43181C24A000F762A3 /* InfoPlist.strings */,
				D729BD46181C24A000F762A3 /* main.m */,
				D729BD48181C24A000F762A3 /* ProjectCrystalBlue-iOS-Prefix.pch */,
			);
			name = "Supporting Files";
			sourceTree = "<group>";
		};
		D729BD59181C24A000F762A3 /* ProjectCrystalBlue-iOSTests */ = {
			isa = PBXGroup;
			children = (
				D729BD5F181C24A000F762A3 /* ProjectCrystalBlue_iOSTests.m */,
				D729BD5A181C24A000F762A3 /* Supporting Files */,
			);
			path = "ProjectCrystalBlue-iOSTests";
			sourceTree = "<group>";
		};
		D729BD5A181C24A000F762A3 /* Supporting Files */ = {
			isa = PBXGroup;
			children = (
				D729BD5B181C24A000F762A3 /* ProjectCrystalBlue-iOSTests-Info.plist */,
				D729BD5C181C24A000F762A3 /* InfoPlist.strings */,
			);
			name = "Supporting Files";
			sourceTree = "<group>";
		};
/* End PBXGroup section */

/* Begin PBXNativeTarget section */
		D729BD36181C24A000F762A3 /* ProjectCrystalBlue-iOS */ = {
			isa = PBXNativeTarget;
			buildConfigurationList = D729BD63181C24A000F762A3 /* Build configuration list for PBXNativeTarget "ProjectCrystalBlue-iOS" */;
			buildPhases = (
				D729BD33181C24A000F762A3 /* Sources */,
				D729BD34181C24A000F762A3 /* Frameworks */,
				D729BD35181C24A000F762A3 /* Resources */,
			);
			buildRules = (
			);
			dependencies = (
			);
			name = "ProjectCrystalBlue-iOS";
			productName = "ProjectCrystalBlue-iOS";
			productReference = D729BD37181C24A000F762A3 /* ProjectCrystalBlue-iOS.app */;
			productType = "com.apple.product-type.application";
		};
		D729BD51181C24A000F762A3 /* ProjectCrystalBlue-iOSTests */ = {
			isa = PBXNativeTarget;
			buildConfigurationList = D729BD66181C24A000F762A3 /* Build configuration list for PBXNativeTarget "ProjectCrystalBlue-iOSTests" */;
			buildPhases = (
				D729BD4E181C24A000F762A3 /* Sources */,
				D729BD4F181C24A000F762A3 /* Frameworks */,
				D729BD50181C24A000F762A3 /* Resources */,
			);
			buildRules = (
			);
			dependencies = (
				D729BD58181C24A000F762A3 /* PBXTargetDependency */,
			);
			name = "ProjectCrystalBlue-iOSTests";
			productName = "ProjectCrystalBlue-iOSTests";
			productReference = D729BD52181C24A000F762A3 /* ProjectCrystalBlue-iOSTests.xctest */;
			productType = "com.apple.product-type.bundle.unit-test";
		};
/* End PBXNativeTarget section */

/* Begin PBXProject section */
		D729BD2F181C24A000F762A3 /* Project object */ = {
			isa = PBXProject;
			attributes = {
				LastUpgradeCheck = 0500;
				ORGANIZATIONNAME = "Project Crystal Blue";
				TargetAttributes = {
					D729BD51181C24A000F762A3 = {
						TestTargetID = D729BD36181C24A000F762A3;
					};
				};
			};
			buildConfigurationList = D729BD32181C24A000F762A3 /* Build configuration list for PBXProject "ProjectCrystalBlue-iOS" */;
			compatibilityVersion = "Xcode 3.2";
			developmentRegion = English;
			hasScannedForEncodings = 0;
			knownRegions = (
				en,
				Base,
			);
			mainGroup = D729BD2E181C24A000F762A3;
			productRefGroup = D729BD38181C24A000F762A3 /* Products */;
			projectDirPath = "";
			projectRoot = "";
			targets = (
				D729BD36181C24A000F762A3 /* ProjectCrystalBlue-iOS */,
				D729BD51181C24A000F762A3 /* ProjectCrystalBlue-iOSTests */,
			);
		};
/* End PBXProject section */

/* Begin PBXResourcesBuildPhase section */
		D729BD35181C24A000F762A3 /* Resources */ = {
			isa = PBXResourcesBuildPhase;
			buildActionMask = 2147483647;
			files = (
				D729BD45181C24A000F762A3 /* InfoPlist.strings in Resources */,
				D729BD4D181C24A000F762A3 /* Images.xcassets in Resources */,
			);
			runOnlyForDeploymentPostprocessing = 0;
		};
		D729BD50181C24A000F762A3 /* Resources */ = {
			isa = PBXResourcesBuildPhase;
			buildActionMask = 2147483647;
			files = (
				D729BD5E181C24A000F762A3 /* InfoPlist.strings in Resources */,
			);
			runOnlyForDeploymentPostprocessing = 0;
		};
/* End PBXResourcesBuildPhase section */

/* Begin PBXSourcesBuildPhase section */
		D729BD33181C24A000F762A3 /* Sources */ = {
			isa = PBXSourcesBuildPhase;
			buildActionMask = 2147483647;
			files = (
				B4383AD0189C4A0000DAC28F /* AppDelegate.m in Sources */,
				B4383ACB189C42B700DAC28F /* SourceViewController.m in Sources */,
				D01DDDC2188DDC5E0059AF09 /* SourceConstants.m in Sources */,
				D01DDDCA188DDC910059AF09 /* ImageStore.m in Sources */,
				D01DDDCB188DDC910059AF09 /* SourceStore.m in Sources */,
				D01DDDC1188DDC5E0059AF09 /* Source.m in Sources */,
				D01DDDC9188DDC910059AF09 /* SampleStore.m in Sources */,
				D729BD47181C24A000F762A3 /* main.m in Sources */,
				D01DDDBF188DDC5E0059AF09 /* Sample.m in Sources */,
				D01DDDC0188DDC5E0059AF09 /* SampleConstants.m in Sources */,
			);
			runOnlyForDeploymentPostprocessing = 0;
		};
		D729BD4E181C24A000F762A3 /* Sources */ = {
			isa = PBXSourcesBuildPhase;
			buildActionMask = 2147483647;
			files = (
				D729BD60181C24A000F762A3 /* ProjectCrystalBlue_iOSTests.m in Sources */,
			);
			runOnlyForDeploymentPostprocessing = 0;
		};
/* End PBXSourcesBuildPhase section */

/* Begin PBXTargetDependency section */
		D729BD58181C24A000F762A3 /* PBXTargetDependency */ = {
			isa = PBXTargetDependency;
			target = D729BD36181C24A000F762A3 /* ProjectCrystalBlue-iOS */;
			targetProxy = D729BD57181C24A000F762A3 /* PBXContainerItemProxy */;
		};
/* End PBXTargetDependency section */

/* Begin PBXVariantGroup section */
		D729BD43181C24A000F762A3 /* InfoPlist.strings */ = {
			isa = PBXVariantGroup;
			children = (
				D729BD44181C24A000F762A3 /* en */,
			);
			name = InfoPlist.strings;
			sourceTree = "<group>";
		};
		D729BD5C181C24A000F762A3 /* InfoPlist.strings */ = {
			isa = PBXVariantGroup;
			children = (
				D729BD5D181C24A000F762A3 /* en */,
			);
			name = InfoPlist.strings;
			sourceTree = "<group>";
		};
/* End PBXVariantGroup section */

/* Begin XCBuildConfiguration section */
		D729BD61181C24A000F762A3 /* Debug */ = {
			isa = XCBuildConfiguration;
			buildSettings = {
				ALWAYS_SEARCH_USER_PATHS = NO;
				ARCHS = "$(ARCHS_STANDARD_INCLUDING_64_BIT)";
				CLANG_CXX_LANGUAGE_STANDARD = "gnu++0x";
				CLANG_CXX_LIBRARY = "libc++";
				CLANG_ENABLE_MODULES = YES;
				CLANG_ENABLE_OBJC_ARC = YES;
				CLANG_WARN_BOOL_CONVERSION = YES;
				CLANG_WARN_CONSTANT_CONVERSION = YES;
				CLANG_WARN_DIRECT_OBJC_ISA_USAGE = YES_ERROR;
				CLANG_WARN_EMPTY_BODY = YES;
				CLANG_WARN_ENUM_CONVERSION = YES;
				CLANG_WARN_INT_CONVERSION = YES;
				CLANG_WARN_OBJC_ROOT_CLASS = YES_ERROR;
				CLANG_WARN__DUPLICATE_METHOD_MATCH = YES;
				"CODE_SIGN_IDENTITY[sdk=iphoneos*]" = "iPhone Developer";
				COPY_PHASE_STRIP = NO;
				GCC_C_LANGUAGE_STANDARD = gnu99;
				GCC_DYNAMIC_NO_PIC = NO;
				GCC_OPTIMIZATION_LEVEL = 0;
				GCC_PREPROCESSOR_DEFINITIONS = (
					"DEBUG=1",
					"$(inherited)",
				);
				GCC_SYMBOLS_PRIVATE_EXTERN = NO;
				GCC_WARN_64_TO_32_BIT_CONVERSION = YES;
				GCC_WARN_ABOUT_RETURN_TYPE = YES_ERROR;
				GCC_WARN_UNDECLARED_SELECTOR = YES;
				GCC_WARN_UNINITIALIZED_AUTOS = YES;
				GCC_WARN_UNUSED_FUNCTION = YES;
				GCC_WARN_UNUSED_VARIABLE = YES;
				IPHONEOS_DEPLOYMENT_TARGET = 7.0;
				ONLY_ACTIVE_ARCH = YES;
				SDKROOT = iphoneos;
				TARGETED_DEVICE_FAMILY = "1,2";
			};
			name = Debug;
		};
		D729BD62181C24A000F762A3 /* Release */ = {
			isa = XCBuildConfiguration;
			buildSettings = {
				ALWAYS_SEARCH_USER_PATHS = NO;
				ARCHS = "$(ARCHS_STANDARD_INCLUDING_64_BIT)";
				CLANG_CXX_LANGUAGE_STANDARD = "gnu++0x";
				CLANG_CXX_LIBRARY = "libc++";
				CLANG_ENABLE_MODULES = YES;
				CLANG_ENABLE_OBJC_ARC = YES;
				CLANG_WARN_BOOL_CONVERSION = YES;
				CLANG_WARN_CONSTANT_CONVERSION = YES;
				CLANG_WARN_DIRECT_OBJC_ISA_USAGE = YES_ERROR;
				CLANG_WARN_EMPTY_BODY = YES;
				CLANG_WARN_ENUM_CONVERSION = YES;
				CLANG_WARN_INT_CONVERSION = YES;
				CLANG_WARN_OBJC_ROOT_CLASS = YES_ERROR;
				CLANG_WARN__DUPLICATE_METHOD_MATCH = YES;
				"CODE_SIGN_IDENTITY[sdk=iphoneos*]" = "iPhone Developer";
				COPY_PHASE_STRIP = YES;
				ENABLE_NS_ASSERTIONS = NO;
				GCC_C_LANGUAGE_STANDARD = gnu99;
				GCC_WARN_64_TO_32_BIT_CONVERSION = YES;
				GCC_WARN_ABOUT_RETURN_TYPE = YES_ERROR;
				GCC_WARN_UNDECLARED_SELECTOR = YES;
				GCC_WARN_UNINITIALIZED_AUTOS = YES;
				GCC_WARN_UNUSED_FUNCTION = YES;
				GCC_WARN_UNUSED_VARIABLE = YES;
				IPHONEOS_DEPLOYMENT_TARGET = 7.0;
				SDKROOT = iphoneos;
				TARGETED_DEVICE_FAMILY = "1,2";
				VALIDATE_PRODUCT = YES;
			};
			name = Release;
		};
		D729BD64181C24A000F762A3 /* Debug */ = {
			isa = XCBuildConfiguration;
			buildSettings = {
				ASSETCATALOG_COMPILER_APPICON_NAME = AppIcon;
				ASSETCATALOG_COMPILER_LAUNCHIMAGE_NAME = LaunchImage;
				CODE_SIGN_IDENTITY = "iPhone Developer";
				GCC_PRECOMPILE_PREFIX_HEADER = YES;
				GCC_PREFIX_HEADER = "ProjectCrystalBlue-iOS/ProjectCrystalBlue-iOS-Prefix.pch";
				HEADER_SEARCH_PATHS = (
					"$(inherited)",
					/Applications/Xcode.app/Contents/Developer/Toolchains/XcodeDefault.xctoolchain/usr/include,
					"$(SRCROOT)/include",
				);
				INFOPLIST_FILE = "ProjectCrystalBlue-iOS/ProjectCrystalBlue-iOS-Info.plist";
				LIBRARY_SEARCH_PATHS = (
					"$(inherited)",
					/Users/Justin/Projects/ZumeroTestOSX,
					"/Users/Justin/Projects/ProjectCrystalBlue-iOS/ProjectCrystalBlue-iOS/include",
				);
				PRODUCT_NAME = "$(TARGET_NAME)";
				WRAPPER_EXTENSION = app;
			};
			name = Debug;
		};
		D729BD65181C24A000F762A3 /* Release */ = {
			isa = XCBuildConfiguration;
			buildSettings = {
				ASSETCATALOG_COMPILER_APPICON_NAME = AppIcon;
				ASSETCATALOG_COMPILER_LAUNCHIMAGE_NAME = LaunchImage;
				CODE_SIGN_IDENTITY = "iPhone Developer";
				GCC_PRECOMPILE_PREFIX_HEADER = YES;
				GCC_PREFIX_HEADER = "ProjectCrystalBlue-iOS/ProjectCrystalBlue-iOS-Prefix.pch";
				HEADER_SEARCH_PATHS = (
					"$(inherited)",
					/Applications/Xcode.app/Contents/Developer/Toolchains/XcodeDefault.xctoolchain/usr/include,
					"$(SRCROOT)/include",
				);
				INFOPLIST_FILE = "ProjectCrystalBlue-iOS/ProjectCrystalBlue-iOS-Info.plist";
				LIBRARY_SEARCH_PATHS = (
					"$(inherited)",
					/Users/Justin/Projects/ZumeroTestOSX,
					"/Users/Justin/Projects/ProjectCrystalBlue-iOS/ProjectCrystalBlue-iOS/include",
				);
				PRODUCT_NAME = "$(TARGET_NAME)";
				WRAPPER_EXTENSION = app;
			};
			name = Release;
		};
		D729BD67181C24A000F762A3 /* Debug */ = {
			isa = XCBuildConfiguration;
			buildSettings = {
				ARCHS = "$(ARCHS_STANDARD_INCLUDING_64_BIT)";
				BUNDLE_LOADER = "$(BUILT_PRODUCTS_DIR)/ProjectCrystalBlue-iOS.app/ProjectCrystalBlue-iOS";
				FRAMEWORK_SEARCH_PATHS = (
					"$(SDKROOT)/Developer/Library/Frameworks",
					"$(inherited)",
					"$(DEVELOPER_FRAMEWORKS_DIR)",
				);
				GCC_PRECOMPILE_PREFIX_HEADER = YES;
				GCC_PREFIX_HEADER = "ProjectCrystalBlue-iOS/ProjectCrystalBlue-iOS-Prefix.pch";
				GCC_PREPROCESSOR_DEFINITIONS = (
					"DEBUG=1",
					"$(inherited)",
				);
				INFOPLIST_FILE = "ProjectCrystalBlue-iOSTests/ProjectCrystalBlue-iOSTests-Info.plist";
				PRODUCT_NAME = "$(TARGET_NAME)";
				TEST_HOST = "$(BUNDLE_LOADER)";
				WRAPPER_EXTENSION = xctest;
			};
			name = Debug;
		};
		D729BD68181C24A000F762A3 /* Release */ = {
			isa = XCBuildConfiguration;
			buildSettings = {
				ARCHS = "$(ARCHS_STANDARD_INCLUDING_64_BIT)";
				BUNDLE_LOADER = "$(BUILT_PRODUCTS_DIR)/ProjectCrystalBlue-iOS.app/ProjectCrystalBlue-iOS";
				FRAMEWORK_SEARCH_PATHS = (
					"$(SDKROOT)/Developer/Library/Frameworks",
					"$(inherited)",
					"$(DEVELOPER_FRAMEWORKS_DIR)",
				);
				GCC_PRECOMPILE_PREFIX_HEADER = YES;
				GCC_PREFIX_HEADER = "ProjectCrystalBlue-iOS/ProjectCrystalBlue-iOS-Prefix.pch";
				INFOPLIST_FILE = "ProjectCrystalBlue-iOSTests/ProjectCrystalBlue-iOSTests-Info.plist";
				PRODUCT_NAME = "$(TARGET_NAME)";
				TEST_HOST = "$(BUNDLE_LOADER)";
				WRAPPER_EXTENSION = xctest;
			};
			name = Release;
		};
/* End XCBuildConfiguration section */

/* Begin XCConfigurationList section */
		D729BD32181C24A000F762A3 /* Build configuration list for PBXProject "ProjectCrystalBlue-iOS" */ = {
			isa = XCConfigurationList;
			buildConfigurations = (
				D729BD61181C24A000F762A3 /* Debug */,
				D729BD62181C24A000F762A3 /* Release */,
			);
			defaultConfigurationIsVisible = 0;
			defaultConfigurationName = Release;
		};
		D729BD63181C24A000F762A3 /* Build configuration list for PBXNativeTarget "ProjectCrystalBlue-iOS" */ = {
			isa = XCConfigurationList;
			buildConfigurations = (
				D729BD64181C24A000F762A3 /* Debug */,
				D729BD65181C24A000F762A3 /* Release */,
			);
			defaultConfigurationIsVisible = 0;
			defaultConfigurationName = Release;
		};
		D729BD66181C24A000F762A3 /* Build configuration list for PBXNativeTarget "ProjectCrystalBlue-iOSTests" */ = {
			isa = XCConfigurationList;
			buildConfigurations = (
				D729BD67181C24A000F762A3 /* Debug */,
				D729BD68181C24A000F762A3 /* Release */,
			);
			defaultConfigurationIsVisible = 0;
			defaultConfigurationName = Release;
		};
/* End XCConfigurationList section */
	};
	rootObject = D729BD2F181C24A000F762A3 /* Project object */;
}
